
Microsoft Visual Studio Solution File, Format Version 12.00
# Visual Studio Version 16
VisualStudioVersion = 16.0.29009.5
MinimumVisualStudioVersion = 10.0.40219.1
Project("{2150E333-8FDC-42A3-9474-1A3956D46DE8}") = "src", "src", "{995FCFF9-E5F6-4BDD-8E5B-FBDEA21145F9}"
	ProjectSection(SolutionItems) = preProject
		NuGet.Config = NuGet.Config
	EndProjectSection
EndProject
Project("{2150E333-8FDC-42A3-9474-1A3956D46DE8}") = "Solution Items", "Solution Items", "{BAF239DE-04E9-428E-A6D6-98D4C6CFB9E3}"
	ProjectSection(SolutionItems) = preProject
		NuGet.Config = NuGet.Config
	EndProjectSection
EndProject
Project("{9A19103F-16F7-4668-BE54-9A1E7A4F7556}") = "BenchmarksServer", "src\BenchmarksServer\BenchmarksServer.csproj", "{73F095D2-D0BD-4D03-BC17-D7A5EF0C0191}"
EndProject
Project("{9A19103F-16F7-4668-BE54-9A1E7A4F7556}") = "Repository", "src\Repository\Repository.csproj", "{716F7F93-BC1D-4B2C-BF1C-20051CAF7BB7}"
EndProject
Project("{9A19103F-16F7-4668-BE54-9A1E7A4F7556}") = "Benchmarks.ClientJob", "src\Benchmarks.ClientJob\Benchmarks.ClientJob.csproj", "{FFE0CFA5-ADCB-4E63-9B2D-DBC48A3C8364}"
EndProject
Project("{9A19103F-16F7-4668-BE54-9A1E7A4F7556}") = "Benchmarks.ServerJob", "src\Benchmarks.ServerJob\Benchmarks.ServerJob.csproj", "{0748A92D-3AC6-4406-B09C-0BF07A030DD5}"
EndProject
Project("{2150E333-8FDC-42A3-9474-1A3956D46DE8}") = "build", "build", "{E07EF419-FB9D-4A20-AD4B-C02C13636BA8}"
	ProjectSection(SolutionItems) = preProject
		build\dependencies.props = build\dependencies.props
		Directory.Build.props = Directory.Build.props
		Directory.Build.targets = Directory.Build.targets
	EndProjectSection
EndProject
Project("{2150E333-8FDC-42A3-9474-1A3956D46DE8}") = "docker", "docker", "{EF444B27-3CBA-4581-893A-7F6DB5527371}"
EndProject
Project("{2150E333-8FDC-42A3-9474-1A3956D46DE8}") = "benchmarks", "benchmarks", "{01457A29-0D92-45A3-A37A-A6381E766D67}"
	ProjectSection(SolutionItems) = preProject
		docker\benchmarks\build.sh = docker\benchmarks\build.sh
		docker\benchmarks\Dockerfile = docker\benchmarks\Dockerfile
		docker\benchmarks\run-client.sh = docker\benchmarks\run-client.sh
		docker\benchmarks\run-server.sh = docker\benchmarks\run-server.sh
		docker\benchmarks\stop-client.sh = docker\benchmarks\stop-client.sh
		docker\benchmarks\stop-server.sh = docker\benchmarks\stop-server.sh
	EndProjectSection
EndProject
Project("{2150E333-8FDC-42A3-9474-1A3956D46DE8}") = "benchmarks-driver", "benchmarks-driver", "{80EE0663-7860-4756-8A0E-6A5B6FA5E546}"
	ProjectSection(SolutionItems) = preProject
		docker\benchmarks-driver\build.cmd = docker\benchmarks-driver\build.cmd
		docker\benchmarks-driver\build.sh = docker\benchmarks-driver\build.sh
		docker\benchmarks-driver\Dockerfile = docker\benchmarks-driver\Dockerfile
		docker\benchmarks-driver\run.cmd = docker\benchmarks-driver\run.cmd
		docker\benchmarks-driver\run.sh = docker\benchmarks-driver\run.sh
	EndProjectSection
EndProject
Project("{9A19103F-16F7-4668-BE54-9A1E7A4F7556}") = "JobConsumer", "src\JobConsumer\JobConsumer.csproj", "{1EBB1EFC-7550-4D81-8A7A-53C74545576B}"
EndProject
Project("{9A19103F-16F7-4668-BE54-9A1E7A4F7556}") = "PRJobProducer", "src\PRJobProducer\PRJobProducer.csproj", "{BDD73586-ED54-4F0C-8842-864697CD9D26}"
EndProject
Project("{9A19103F-16F7-4668-BE54-9A1E7A4F7556}") = "BenchmarksDriver", "src\BenchmarksDriver2\BenchmarksDriver.csproj", "{FBBE33C5-F94B-4336-9352-D322FE5DEC0F}"
EndProject
Project("{9A19103F-16F7-4668-BE54-9A1E7A4F7556}") = "NullClient", "src\NullClient\NullClient.csproj", "{FA54AC53-B4CF-41C6-B67B-1E2FA2B0E5A9}"
EndProject
Project("{9A19103F-16F7-4668-BE54-9A1E7A4F7556}") = "PipeliningClient", "src\PipeliningClient\PipeliningClient.csproj", "{B91B2622-8E83-4CFD-9F8A-A5809BC070D3}"
EndProject
Project("{9A19103F-16F7-4668-BE54-9A1E7A4F7556}") = "BombardierClient", "src\BombardierClient\BombardierClient.csproj", "{3F564B33-5D49-47AB-91CB-5AA987E691EE}"
EndProject
Project("{9A19103F-16F7-4668-BE54-9A1E7A4F7556}") = "WrkClient", "src\WrkClient\WrkClient.csproj", "{7B2952D4-1EF2-4BCD-A452-E03A4C5616FB}"
EndProject
Project("{9A19103F-16F7-4668-BE54-9A1E7A4F7556}") = "Wrk2Client", "src\Wrk2Client\Wrk2Client.csproj", "{82A080E6-2708-47D2-8973-60D2BE64BFE6}"
EndProject
Project("{9A19103F-16F7-4668-BE54-9A1E7A4F7556}") = "SignalRClient", "src\SignalRClient\SignalRClient.csproj", "{9C2EE0E6-DD03-4568-8D4A-43FE2371FD0B}"
EndProject
Project("{9A19103F-16F7-4668-BE54-9A1E7A4F7556}") = "AzDoConsumer", "src\AzDoConsumer\AzDoConsumer.csproj", "{499B0522-A7CE-4788-9166-1AFFBF506F68}"
EndProject
Global
	GlobalSection(SolutionConfigurationPlatforms) = preSolution
		Debug|Any CPU = Debug|Any CPU
		Debug|x64 = Debug|x64
		Debug|x86 = Debug|x86
		Release|Any CPU = Release|Any CPU
		Release|x64 = Release|x64
		Release|x86 = Release|x86
	EndGlobalSection
	GlobalSection(ProjectConfigurationPlatforms) = postSolution
		{73F095D2-D0BD-4D03-BC17-D7A5EF0C0191}.Debug|Any CPU.ActiveCfg = Debug|Any CPU
		{73F095D2-D0BD-4D03-BC17-D7A5EF0C0191}.Debug|Any CPU.Build.0 = Debug|Any CPU
		{73F095D2-D0BD-4D03-BC17-D7A5EF0C0191}.Debug|x64.ActiveCfg = Debug|Any CPU
		{73F095D2-D0BD-4D03-BC17-D7A5EF0C0191}.Debug|x64.Build.0 = Debug|Any CPU
		{73F095D2-D0BD-4D03-BC17-D7A5EF0C0191}.Debug|x86.ActiveCfg = Debug|Any CPU
		{73F095D2-D0BD-4D03-BC17-D7A5EF0C0191}.Debug|x86.Build.0 = Debug|Any CPU
		{73F095D2-D0BD-4D03-BC17-D7A5EF0C0191}.Release|Any CPU.ActiveCfg = Release|Any CPU
		{73F095D2-D0BD-4D03-BC17-D7A5EF0C0191}.Release|Any CPU.Build.0 = Release|Any CPU
		{73F095D2-D0BD-4D03-BC17-D7A5EF0C0191}.Release|x64.ActiveCfg = Release|Any CPU
		{73F095D2-D0BD-4D03-BC17-D7A5EF0C0191}.Release|x64.Build.0 = Release|Any CPU
		{73F095D2-D0BD-4D03-BC17-D7A5EF0C0191}.Release|x86.ActiveCfg = Release|Any CPU
		{73F095D2-D0BD-4D03-BC17-D7A5EF0C0191}.Release|x86.Build.0 = Release|Any CPU
		{716F7F93-BC1D-4B2C-BF1C-20051CAF7BB7}.Debug|Any CPU.ActiveCfg = Debug|Any CPU
		{716F7F93-BC1D-4B2C-BF1C-20051CAF7BB7}.Debug|Any CPU.Build.0 = Debug|Any CPU
		{716F7F93-BC1D-4B2C-BF1C-20051CAF7BB7}.Debug|x64.ActiveCfg = Debug|Any CPU
		{716F7F93-BC1D-4B2C-BF1C-20051CAF7BB7}.Debug|x64.Build.0 = Debug|Any CPU
		{716F7F93-BC1D-4B2C-BF1C-20051CAF7BB7}.Debug|x86.ActiveCfg = Debug|Any CPU
		{716F7F93-BC1D-4B2C-BF1C-20051CAF7BB7}.Debug|x86.Build.0 = Debug|Any CPU
		{716F7F93-BC1D-4B2C-BF1C-20051CAF7BB7}.Release|Any CPU.ActiveCfg = Release|Any CPU
		{716F7F93-BC1D-4B2C-BF1C-20051CAF7BB7}.Release|Any CPU.Build.0 = Release|Any CPU
		{716F7F93-BC1D-4B2C-BF1C-20051CAF7BB7}.Release|x64.ActiveCfg = Release|Any CPU
		{716F7F93-BC1D-4B2C-BF1C-20051CAF7BB7}.Release|x64.Build.0 = Release|Any CPU
		{716F7F93-BC1D-4B2C-BF1C-20051CAF7BB7}.Release|x86.ActiveCfg = Release|Any CPU
		{716F7F93-BC1D-4B2C-BF1C-20051CAF7BB7}.Release|x86.Build.0 = Release|Any CPU
		{FFE0CFA5-ADCB-4E63-9B2D-DBC48A3C8364}.Debug|Any CPU.ActiveCfg = Debug|Any CPU
		{FFE0CFA5-ADCB-4E63-9B2D-DBC48A3C8364}.Debug|Any CPU.Build.0 = Debug|Any CPU
		{FFE0CFA5-ADCB-4E63-9B2D-DBC48A3C8364}.Debug|x64.ActiveCfg = Debug|Any CPU
		{FFE0CFA5-ADCB-4E63-9B2D-DBC48A3C8364}.Debug|x64.Build.0 = Debug|Any CPU
		{FFE0CFA5-ADCB-4E63-9B2D-DBC48A3C8364}.Debug|x86.ActiveCfg = Debug|Any CPU
		{FFE0CFA5-ADCB-4E63-9B2D-DBC48A3C8364}.Debug|x86.Build.0 = Debug|Any CPU
		{FFE0CFA5-ADCB-4E63-9B2D-DBC48A3C8364}.Release|Any CPU.ActiveCfg = Release|Any CPU
		{FFE0CFA5-ADCB-4E63-9B2D-DBC48A3C8364}.Release|Any CPU.Build.0 = Release|Any CPU
		{FFE0CFA5-ADCB-4E63-9B2D-DBC48A3C8364}.Release|x64.ActiveCfg = Release|Any CPU
		{FFE0CFA5-ADCB-4E63-9B2D-DBC48A3C8364}.Release|x64.Build.0 = Release|Any CPU
		{FFE0CFA5-ADCB-4E63-9B2D-DBC48A3C8364}.Release|x86.ActiveCfg = Release|Any CPU
		{FFE0CFA5-ADCB-4E63-9B2D-DBC48A3C8364}.Release|x86.Build.0 = Release|Any CPU
		{0748A92D-3AC6-4406-B09C-0BF07A030DD5}.Debug|Any CPU.ActiveCfg = Debug|Any CPU
		{0748A92D-3AC6-4406-B09C-0BF07A030DD5}.Debug|Any CPU.Build.0 = Debug|Any CPU
		{0748A92D-3AC6-4406-B09C-0BF07A030DD5}.Debug|x64.ActiveCfg = Debug|Any CPU
		{0748A92D-3AC6-4406-B09C-0BF07A030DD5}.Debug|x64.Build.0 = Debug|Any CPU
		{0748A92D-3AC6-4406-B09C-0BF07A030DD5}.Debug|x86.ActiveCfg = Debug|Any CPU
		{0748A92D-3AC6-4406-B09C-0BF07A030DD5}.Debug|x86.Build.0 = Debug|Any CPU
		{0748A92D-3AC6-4406-B09C-0BF07A030DD5}.Release|Any CPU.ActiveCfg = Release|Any CPU
		{0748A92D-3AC6-4406-B09C-0BF07A030DD5}.Release|Any CPU.Build.0 = Release|Any CPU
		{0748A92D-3AC6-4406-B09C-0BF07A030DD5}.Release|x64.ActiveCfg = Release|Any CPU
		{0748A92D-3AC6-4406-B09C-0BF07A030DD5}.Release|x64.Build.0 = Release|Any CPU
		{0748A92D-3AC6-4406-B09C-0BF07A030DD5}.Release|x86.ActiveCfg = Release|Any CPU
		{0748A92D-3AC6-4406-B09C-0BF07A030DD5}.Release|x86.Build.0 = Release|Any CPU
		{1EBB1EFC-7550-4D81-8A7A-53C74545576B}.Debug|Any CPU.ActiveCfg = Debug|Any CPU
		{1EBB1EFC-7550-4D81-8A7A-53C74545576B}.Debug|Any CPU.Build.0 = Debug|Any CPU
		{1EBB1EFC-7550-4D81-8A7A-53C74545576B}.Debug|x64.ActiveCfg = Debug|Any CPU
		{1EBB1EFC-7550-4D81-8A7A-53C74545576B}.Debug|x64.Build.0 = Debug|Any CPU
		{1EBB1EFC-7550-4D81-8A7A-53C74545576B}.Debug|x86.ActiveCfg = Debug|Any CPU
		{1EBB1EFC-7550-4D81-8A7A-53C74545576B}.Debug|x86.Build.0 = Debug|Any CPU
		{1EBB1EFC-7550-4D81-8A7A-53C74545576B}.Release|Any CPU.ActiveCfg = Release|Any CPU
		{1EBB1EFC-7550-4D81-8A7A-53C74545576B}.Release|Any CPU.Build.0 = Release|Any CPU
		{1EBB1EFC-7550-4D81-8A7A-53C74545576B}.Release|x64.ActiveCfg = Release|Any CPU
		{1EBB1EFC-7550-4D81-8A7A-53C74545576B}.Release|x64.Build.0 = Release|Any CPU
		{1EBB1EFC-7550-4D81-8A7A-53C74545576B}.Release|x86.ActiveCfg = Release|Any CPU
		{1EBB1EFC-7550-4D81-8A7A-53C74545576B}.Release|x86.Build.0 = Release|Any CPU
		{BDD73586-ED54-4F0C-8842-864697CD9D26}.Debug|Any CPU.ActiveCfg = Debug|Any CPU
		{BDD73586-ED54-4F0C-8842-864697CD9D26}.Debug|Any CPU.Build.0 = Debug|Any CPU
		{BDD73586-ED54-4F0C-8842-864697CD9D26}.Debug|x64.ActiveCfg = Debug|Any CPU
		{BDD73586-ED54-4F0C-8842-864697CD9D26}.Debug|x64.Build.0 = Debug|Any CPU
		{BDD73586-ED54-4F0C-8842-864697CD9D26}.Debug|x86.ActiveCfg = Debug|Any CPU
		{BDD73586-ED54-4F0C-8842-864697CD9D26}.Debug|x86.Build.0 = Debug|Any CPU
		{BDD73586-ED54-4F0C-8842-864697CD9D26}.Release|Any CPU.ActiveCfg = Release|Any CPU
		{BDD73586-ED54-4F0C-8842-864697CD9D26}.Release|Any CPU.Build.0 = Release|Any CPU
		{BDD73586-ED54-4F0C-8842-864697CD9D26}.Release|x64.ActiveCfg = Release|Any CPU
		{BDD73586-ED54-4F0C-8842-864697CD9D26}.Release|x64.Build.0 = Release|Any CPU
		{BDD73586-ED54-4F0C-8842-864697CD9D26}.Release|x86.ActiveCfg = Release|Any CPU
		{BDD73586-ED54-4F0C-8842-864697CD9D26}.Release|x86.Build.0 = Release|Any CPU
		{FBBE33C5-F94B-4336-9352-D322FE5DEC0F}.Debug|Any CPU.ActiveCfg = Debug|Any CPU
		{FBBE33C5-F94B-4336-9352-D322FE5DEC0F}.Debug|Any CPU.Build.0 = Debug|Any CPU
		{FBBE33C5-F94B-4336-9352-D322FE5DEC0F}.Debug|x64.ActiveCfg = Debug|Any CPU
		{FBBE33C5-F94B-4336-9352-D322FE5DEC0F}.Debug|x64.Build.0 = Debug|Any CPU
		{FBBE33C5-F94B-4336-9352-D322FE5DEC0F}.Debug|x86.ActiveCfg = Debug|Any CPU
		{FBBE33C5-F94B-4336-9352-D322FE5DEC0F}.Debug|x86.Build.0 = Debug|Any CPU
		{FBBE33C5-F94B-4336-9352-D322FE5DEC0F}.Release|Any CPU.ActiveCfg = Release|Any CPU
		{FBBE33C5-F94B-4336-9352-D322FE5DEC0F}.Release|Any CPU.Build.0 = Release|Any CPU
		{FBBE33C5-F94B-4336-9352-D322FE5DEC0F}.Release|x64.ActiveCfg = Release|Any CPU
		{FBBE33C5-F94B-4336-9352-D322FE5DEC0F}.Release|x64.Build.0 = Release|Any CPU
		{FBBE33C5-F94B-4336-9352-D322FE5DEC0F}.Release|x86.ActiveCfg = Release|Any CPU
		{FBBE33C5-F94B-4336-9352-D322FE5DEC0F}.Release|x86.Build.0 = Release|Any CPU
		{FA54AC53-B4CF-41C6-B67B-1E2FA2B0E5A9}.Debug|Any CPU.ActiveCfg = Debug|Any CPU
		{FA54AC53-B4CF-41C6-B67B-1E2FA2B0E5A9}.Debug|Any CPU.Build.0 = Debug|Any CPU
		{FA54AC53-B4CF-41C6-B67B-1E2FA2B0E5A9}.Debug|x64.ActiveCfg = Debug|Any CPU
		{FA54AC53-B4CF-41C6-B67B-1E2FA2B0E5A9}.Debug|x64.Build.0 = Debug|Any CPU
		{FA54AC53-B4CF-41C6-B67B-1E2FA2B0E5A9}.Debug|x86.ActiveCfg = Debug|Any CPU
		{FA54AC53-B4CF-41C6-B67B-1E2FA2B0E5A9}.Debug|x86.Build.0 = Debug|Any CPU
		{FA54AC53-B4CF-41C6-B67B-1E2FA2B0E5A9}.Release|Any CPU.ActiveCfg = Release|Any CPU
		{FA54AC53-B4CF-41C6-B67B-1E2FA2B0E5A9}.Release|Any CPU.Build.0 = Release|Any CPU
		{FA54AC53-B4CF-41C6-B67B-1E2FA2B0E5A9}.Release|x64.ActiveCfg = Release|Any CPU
		{FA54AC53-B4CF-41C6-B67B-1E2FA2B0E5A9}.Release|x64.Build.0 = Release|Any CPU
		{FA54AC53-B4CF-41C6-B67B-1E2FA2B0E5A9}.Release|x86.ActiveCfg = Release|Any CPU
		{FA54AC53-B4CF-41C6-B67B-1E2FA2B0E5A9}.Release|x86.Build.0 = Release|Any CPU
		{B91B2622-8E83-4CFD-9F8A-A5809BC070D3}.Debug|Any CPU.ActiveCfg = Debug|Any CPU
		{B91B2622-8E83-4CFD-9F8A-A5809BC070D3}.Debug|Any CPU.Build.0 = Debug|Any CPU
		{B91B2622-8E83-4CFD-9F8A-A5809BC070D3}.Debug|x64.ActiveCfg = Debug|Any CPU
		{B91B2622-8E83-4CFD-9F8A-A5809BC070D3}.Debug|x64.Build.0 = Debug|Any CPU
		{B91B2622-8E83-4CFD-9F8A-A5809BC070D3}.Debug|x86.ActiveCfg = Debug|Any CPU
		{B91B2622-8E83-4CFD-9F8A-A5809BC070D3}.Debug|x86.Build.0 = Debug|Any CPU
		{B91B2622-8E83-4CFD-9F8A-A5809BC070D3}.Release|Any CPU.ActiveCfg = Release|Any CPU
		{B91B2622-8E83-4CFD-9F8A-A5809BC070D3}.Release|Any CPU.Build.0 = Release|Any CPU
		{B91B2622-8E83-4CFD-9F8A-A5809BC070D3}.Release|x64.ActiveCfg = Release|Any CPU
		{B91B2622-8E83-4CFD-9F8A-A5809BC070D3}.Release|x64.Build.0 = Release|Any CPU
		{B91B2622-8E83-4CFD-9F8A-A5809BC070D3}.Release|x86.ActiveCfg = Release|Any CPU
		{B91B2622-8E83-4CFD-9F8A-A5809BC070D3}.Release|x86.Build.0 = Release|Any CPU
		{3F564B33-5D49-47AB-91CB-5AA987E691EE}.Debug|Any CPU.ActiveCfg = Debug|Any CPU
		{3F564B33-5D49-47AB-91CB-5AA987E691EE}.Debug|Any CPU.Build.0 = Debug|Any CPU
		{3F564B33-5D49-47AB-91CB-5AA987E691EE}.Debug|x64.ActiveCfg = Debug|Any CPU
		{3F564B33-5D49-47AB-91CB-5AA987E691EE}.Debug|x64.Build.0 = Debug|Any CPU
		{3F564B33-5D49-47AB-91CB-5AA987E691EE}.Debug|x86.ActiveCfg = Debug|Any CPU
		{3F564B33-5D49-47AB-91CB-5AA987E691EE}.Debug|x86.Build.0 = Debug|Any CPU
		{3F564B33-5D49-47AB-91CB-5AA987E691EE}.Release|Any CPU.ActiveCfg = Release|Any CPU
		{3F564B33-5D49-47AB-91CB-5AA987E691EE}.Release|Any CPU.Build.0 = Release|Any CPU
		{3F564B33-5D49-47AB-91CB-5AA987E691EE}.Release|x64.ActiveCfg = Release|Any CPU
		{3F564B33-5D49-47AB-91CB-5AA987E691EE}.Release|x64.Build.0 = Release|Any CPU
		{3F564B33-5D49-47AB-91CB-5AA987E691EE}.Release|x86.ActiveCfg = Release|Any CPU
		{3F564B33-5D49-47AB-91CB-5AA987E691EE}.Release|x86.Build.0 = Release|Any CPU
		{7B2952D4-1EF2-4BCD-A452-E03A4C5616FB}.Debug|Any CPU.ActiveCfg = Debug|Any CPU
		{7B2952D4-1EF2-4BCD-A452-E03A4C5616FB}.Debug|Any CPU.Build.0 = Debug|Any CPU
		{7B2952D4-1EF2-4BCD-A452-E03A4C5616FB}.Debug|x64.ActiveCfg = Debug|Any CPU
		{7B2952D4-1EF2-4BCD-A452-E03A4C5616FB}.Debug|x64.Build.0 = Debug|Any CPU
		{7B2952D4-1EF2-4BCD-A452-E03A4C5616FB}.Debug|x86.ActiveCfg = Debug|Any CPU
		{7B2952D4-1EF2-4BCD-A452-E03A4C5616FB}.Debug|x86.Build.0 = Debug|Any CPU
		{7B2952D4-1EF2-4BCD-A452-E03A4C5616FB}.Release|Any CPU.ActiveCfg = Release|Any CPU
		{7B2952D4-1EF2-4BCD-A452-E03A4C5616FB}.Release|Any CPU.Build.0 = Release|Any CPU
		{7B2952D4-1EF2-4BCD-A452-E03A4C5616FB}.Release|x64.ActiveCfg = Release|Any CPU
		{7B2952D4-1EF2-4BCD-A452-E03A4C5616FB}.Release|x64.Build.0 = Release|Any CPU
		{7B2952D4-1EF2-4BCD-A452-E03A4C5616FB}.Release|x86.ActiveCfg = Release|Any CPU
		{7B2952D4-1EF2-4BCD-A452-E03A4C5616FB}.Release|x86.Build.0 = Release|Any CPU
		{82A080E6-2708-47D2-8973-60D2BE64BFE6}.Debug|Any CPU.ActiveCfg = Debug|Any CPU
		{82A080E6-2708-47D2-8973-60D2BE64BFE6}.Debug|Any CPU.Build.0 = Debug|Any CPU
		{82A080E6-2708-47D2-8973-60D2BE64BFE6}.Debug|x64.ActiveCfg = Debug|Any CPU
		{82A080E6-2708-47D2-8973-60D2BE64BFE6}.Debug|x64.Build.0 = Debug|Any CPU
		{82A080E6-2708-47D2-8973-60D2BE64BFE6}.Debug|x86.ActiveCfg = Debug|Any CPU
		{82A080E6-2708-47D2-8973-60D2BE64BFE6}.Debug|x86.Build.0 = Debug|Any CPU
		{82A080E6-2708-47D2-8973-60D2BE64BFE6}.Release|Any CPU.ActiveCfg = Release|Any CPU
		{82A080E6-2708-47D2-8973-60D2BE64BFE6}.Release|Any CPU.Build.0 = Release|Any CPU
		{82A080E6-2708-47D2-8973-60D2BE64BFE6}.Release|x64.ActiveCfg = Release|Any CPU
		{82A080E6-2708-47D2-8973-60D2BE64BFE6}.Release|x64.Build.0 = Release|Any CPU
		{82A080E6-2708-47D2-8973-60D2BE64BFE6}.Release|x86.ActiveCfg = Release|Any CPU
		{82A080E6-2708-47D2-8973-60D2BE64BFE6}.Release|x86.Build.0 = Release|Any CPU
		{9C2EE0E6-DD03-4568-8D4A-43FE2371FD0B}.Debug|Any CPU.ActiveCfg = Debug|Any CPU
		{9C2EE0E6-DD03-4568-8D4A-43FE2371FD0B}.Debug|Any CPU.Build.0 = Debug|Any CPU
		{9C2EE0E6-DD03-4568-8D4A-43FE2371FD0B}.Debug|x64.ActiveCfg = Debug|Any CPU
		{9C2EE0E6-DD03-4568-8D4A-43FE2371FD0B}.Debug|x64.Build.0 = Debug|Any CPU
		{9C2EE0E6-DD03-4568-8D4A-43FE2371FD0B}.Debug|x86.ActiveCfg = Debug|Any CPU
		{9C2EE0E6-DD03-4568-8D4A-43FE2371FD0B}.Debug|x86.Build.0 = Debug|Any CPU
		{9C2EE0E6-DD03-4568-8D4A-43FE2371FD0B}.Release|Any CPU.ActiveCfg = Release|Any CPU
		{9C2EE0E6-DD03-4568-8D4A-43FE2371FD0B}.Release|Any CPU.Build.0 = Release|Any CPU
		{9C2EE0E6-DD03-4568-8D4A-43FE2371FD0B}.Release|x64.ActiveCfg = Release|Any CPU
		{9C2EE0E6-DD03-4568-8D4A-43FE2371FD0B}.Release|x64.Build.0 = Release|Any CPU
		{9C2EE0E6-DD03-4568-8D4A-43FE2371FD0B}.Release|x86.ActiveCfg = Release|Any CPU
		{9C2EE0E6-DD03-4568-8D4A-43FE2371FD0B}.Release|x86.Build.0 = Release|Any CPU
		{499B0522-A7CE-4788-9166-1AFFBF506F68}.Debug|Any CPU.ActiveCfg = Debug|Any CPU
		{499B0522-A7CE-4788-9166-1AFFBF506F68}.Debug|Any CPU.Build.0 = Debug|Any CPU
		{499B0522-A7CE-4788-9166-1AFFBF506F68}.Debug|x64.ActiveCfg = Debug|Any CPU
		{499B0522-A7CE-4788-9166-1AFFBF506F68}.Debug|x64.Build.0 = Debug|Any CPU
		{499B0522-A7CE-4788-9166-1AFFBF506F68}.Debug|x86.ActiveCfg = Debug|Any CPU
		{499B0522-A7CE-4788-9166-1AFFBF506F68}.Debug|x86.Build.0 = Debug|Any CPU
		{499B0522-A7CE-4788-9166-1AFFBF506F68}.Release|Any CPU.ActiveCfg = Release|Any CPU
		{499B0522-A7CE-4788-9166-1AFFBF506F68}.Release|Any CPU.Build.0 = Release|Any CPU
		{499B0522-A7CE-4788-9166-1AFFBF506F68}.Release|x64.ActiveCfg = Release|Any CPU
		{499B0522-A7CE-4788-9166-1AFFBF506F68}.Release|x64.Build.0 = Release|Any CPU
		{499B0522-A7CE-4788-9166-1AFFBF506F68}.Release|x86.ActiveCfg = Release|Any CPU
		{499B0522-A7CE-4788-9166-1AFFBF506F68}.Release|x86.Build.0 = Release|Any CPU
	EndGlobalSection
	GlobalSection(SolutionProperties) = preSolution
		HideSolutionNode = FALSE
	EndGlobalSection
	GlobalSection(NestedProjects) = preSolution
		{73F095D2-D0BD-4D03-BC17-D7A5EF0C0191} = {995FCFF9-E5F6-4BDD-8E5B-FBDEA21145F9}
		{716F7F93-BC1D-4B2C-BF1C-20051CAF7BB7} = {995FCFF9-E5F6-4BDD-8E5B-FBDEA21145F9}
		{FFE0CFA5-ADCB-4E63-9B2D-DBC48A3C8364} = {995FCFF9-E5F6-4BDD-8E5B-FBDEA21145F9}
		{0748A92D-3AC6-4406-B09C-0BF07A030DD5} = {995FCFF9-E5F6-4BDD-8E5B-FBDEA21145F9}
		{01457A29-0D92-45A3-A37A-A6381E766D67} = {EF444B27-3CBA-4581-893A-7F6DB5527371}
		{80EE0663-7860-4756-8A0E-6A5B6FA5E546} = {EF444B27-3CBA-4581-893A-7F6DB5527371}
		{1EBB1EFC-7550-4D81-8A7A-53C74545576B} = {995FCFF9-E5F6-4BDD-8E5B-FBDEA21145F9}
		{BDD73586-ED54-4F0C-8842-864697CD9D26} = {995FCFF9-E5F6-4BDD-8E5B-FBDEA21145F9}
		{FBBE33C5-F94B-4336-9352-D322FE5DEC0F} = {995FCFF9-E5F6-4BDD-8E5B-FBDEA21145F9}
		{FA54AC53-B4CF-41C6-B67B-1E2FA2B0E5A9} = {995FCFF9-E5F6-4BDD-8E5B-FBDEA21145F9}
		{B91B2622-8E83-4CFD-9F8A-A5809BC070D3} = {995FCFF9-E5F6-4BDD-8E5B-FBDEA21145F9}
		{3F564B33-5D49-47AB-91CB-5AA987E691EE} = {995FCFF9-E5F6-4BDD-8E5B-FBDEA21145F9}
		{7B2952D4-1EF2-4BCD-A452-E03A4C5616FB} = {995FCFF9-E5F6-4BDD-8E5B-FBDEA21145F9}
		{82A080E6-2708-47D2-8973-60D2BE64BFE6} = {995FCFF9-E5F6-4BDD-8E5B-FBDEA21145F9}
		{9C2EE0E6-DD03-4568-8D4A-43FE2371FD0B} = {995FCFF9-E5F6-4BDD-8E5B-FBDEA21145F9}
		{499B0522-A7CE-4788-9166-1AFFBF506F68} = {995FCFF9-E5F6-4BDD-8E5B-FBDEA21145F9}
	EndGlobalSection
	GlobalSection(ExtensibilityGlobals) = postSolution
		SolutionGuid = {C48AD7EE-82B1-4307-A869-3FC14AC9B21F}
	EndGlobalSection
EndGlobal
