
Microsoft Visual Studio Solution File, Format Version 12.00
# Visual Studio Version 17
VisualStudioVersion = 17.1.31911.260
MinimumVisualStudioVersion = 10.0.40219.1
Project("{2150E333-8FDC-42A3-9474-1A3956D46DE8}") = "src", "src", "{995FCFF9-E5F6-4BDD-8E5B-FBDEA21145F9}"
EndProject
Project("{2150E333-8FDC-42A3-9474-1A3956D46DE8}") = "Solution Items", "Solution Items", "{BAF239DE-04E9-428E-A6D6-98D4C6CFB9E3}"
	ProjectSection(SolutionItems) = preProject
		NuGet.Config = NuGet.Config
		README.md = README.md
	EndProjectSection
EndProject
Project("{2150E333-8FDC-42A3-9474-1A3956D46DE8}") = "build", "build", "{E07EF419-FB9D-4A20-AD4B-C02C13636BA8}"
	ProjectSection(SolutionItems) = preProject
		eng\dependencies.props = eng\dependencies.props
		Directory.Build.props = Directory.Build.props
		Directory.Build.targets = Directory.Build.targets
		Directory.Packages.props = Directory.Packages.props
	EndProjectSection
EndProject
Project("{9A19103F-16F7-4668-BE54-9A1E7A4F7556}") = "Microsoft.Crank.Agent", "src\Microsoft.Crank.Agent\Microsoft.Crank.Agent.csproj", "{CBA92981-0FF1-49B7-8632-136FC2FA8419}"
EndProject
Project("{9A19103F-16F7-4668-BE54-9A1E7A4F7556}") = "Microsoft.Crank.Controller", "src\Microsoft.Crank.Controller\Microsoft.Crank.Controller.csproj", "{ADFAD247-96AC-493A-8E45-3C4356A948D1}"
EndProject
Project("{9A19103F-16F7-4668-BE54-9A1E7A4F7556}") = "Microsoft.Crank.Jobs.Bombardier", "src\Microsoft.Crank.Jobs.Bombardier\Microsoft.Crank.Jobs.Bombardier.csproj", "{7C3BA60E-87F2-4C10-9DAB-0CFD1E6AFFE8}"
EndProject
Project("{9A19103F-16F7-4668-BE54-9A1E7A4F7556}") = "Microsoft.Crank.Jobs.PipeliningClient", "src\Microsoft.Crank.Jobs.PipeliningClient\Microsoft.Crank.Jobs.PipeliningClient.csproj", "{D7A46B09-B1F2-4131-9B5C-2FC5A2FA18E6}"
EndProject
Project("{9A19103F-16F7-4668-BE54-9A1E7A4F7556}") = "Microsoft.Crank.Jobs.Wrk", "src\Microsoft.Crank.Jobs.Wrk\Microsoft.Crank.Jobs.Wrk.csproj", "{3ED3A04B-14F1-489E-ACD4-ED164CED7C18}"
EndProject
Project("{9A19103F-16F7-4668-BE54-9A1E7A4F7556}") = "Microsoft.Crank.Jobs.Wrk2", "src\Microsoft.Crank.Jobs.Wrk2\Microsoft.Crank.Jobs.Wrk2.csproj", "{1394178E-4ABA-47C9-935B-EF5E84B56694}"
EndProject
Project("{9A19103F-16F7-4668-BE54-9A1E7A4F7556}") = "Microsoft.Crank.Models", "src\Microsoft.Crank.Models\Microsoft.Crank.Models.csproj", "{66E8C05F-CA23-4EB4-8D23-F6E94FBD714E}"
EndProject
Project("{9A19103F-16F7-4668-BE54-9A1E7A4F7556}") = "Microsoft.Crank.RegressionBot", "src\Microsoft.Crank.RegressionBot\Microsoft.Crank.RegressionBot.csproj", "{BE9D7C89-3E10-4BFB-B9A0-5FCC92FC47E5}"
EndProject
Project("{2150E333-8FDC-42A3-9474-1A3956D46DE8}") = "test", "test", "{07A30A34-2DDA-45EE-B767-28021086B235}"
EndProject
Project("{9A19103F-16F7-4668-BE54-9A1E7A4F7556}") = "Microsoft.Crank.RegressionBot.Tests", "test\Microsoft.Crank.RegressionBot.Tests\Microsoft.Crank.RegressionBot.Tests.csproj", "{FB125FDC-551F-4548-B4CA-3A2B5E7198D9}"
EndProject
Project("{9A19103F-16F7-4668-BE54-9A1E7A4F7556}") = "Microsoft.Crank.IntegrationTests", "test\Microsoft.Crank.IntegrationTests\Microsoft.Crank.IntegrationTests.csproj", "{8FF6CBDB-2629-4A35-BC1B-794CE1A43451}"
EndProject
Project("{9A19103F-16F7-4668-BE54-9A1E7A4F7556}") = "Microsoft.Crank.AzureDevOpsWorker", "src\Microsoft.Crank.AzureDevOpsWorker\Microsoft.Crank.AzureDevOpsWorker.csproj", "{BB0422DA-E7C5-47FB-8EF5-E34F57B51E44}"
EndProject
Project("{9A19103F-16F7-4668-BE54-9A1E7A4F7556}") = "Microsoft.Crank.EventSources", "src\Microsoft.Crank.EventSources\Microsoft.Crank.EventSources.csproj", "{2C9E2686-6C86-4D32-B57E-EDC8047EB8B8}"
EndProject
Project("{9A19103F-16F7-4668-BE54-9A1E7A4F7556}") = "Microsoft.Crank.Jobs.HttpClient", "src\Microsoft.Crank.Jobs.HttpClient\Microsoft.Crank.Jobs.HttpClient.csproj", "{7BAB625A-3338-4BF1-BD0C-D5ECCAC254B5}"
EndProject
Project("{9A19103F-16F7-4668-BE54-9A1E7A4F7556}") = "Microsoft.Crank.Jobs.H2Load", "src\Microsoft.Crank.Jobs.H2Load\Microsoft.Crank.Jobs.H2Load.csproj", "{C45AB9D7-5346-4610-8D44-C6F6B31BEC2D}"
EndProject
Project("{9A19103F-16F7-4668-BE54-9A1E7A4F7556}") = "Microsoft.Crank.PullRequestBot", "src\Microsoft.Crank.PullRequestBot\Microsoft.Crank.PullRequestBot.csproj", "{A2B9140B-46E5-451D-9246-ECA019487F5C}"
EndProject
Project("{9A19103F-16F7-4668-BE54-9A1E7A4F7556}") = "Microsoft.Crank.JobObjectWrapper", "src\Microsoft.Crank.JobOjectWrapper\Microsoft.Crank.JobObjectWrapper.csproj", "{D02CC5A5-A6EA-42CF-9EA5-E3D1CE0FFBFE}"
EndProject
Project("{9A19103F-16F7-4668-BE54-9A1E7A4F7556}") = "Microsoft.Crank.Jobs.K6", "src\Microsoft.Crank.Jobs.K6\Microsoft.Crank.Jobs.K6.csproj", "{D8DD4222-6929-46F3-A3F2-F38394AA1C72}"
EndProject
Project("{2150E333-8FDC-42A3-9474-1A3956D46DE8}") = "tests", "tests", "{0AB3BF05-4346-4AA6-1389-037BE0695223}"
EndProject
Project("{FAE04EC0-301F-11D3-BF4B-00C04F79EFBC}") = "Microsoft.Crank.Jobs.Wrk2.UnitTests", "tests\Microsoft.Crank.Jobs.Wrk2.UnitTests\Microsoft.Crank.Jobs.Wrk2.UnitTests.csproj", "{113245BE-5DAD-4AF2-B0A1-53FC261BB63D}"
EndProject
Project("{FAE04EC0-301F-11D3-BF4B-00C04F79EFBC}") = "Microsoft.Crank.Controller.UnitTests", "tests\Microsoft.Crank.Controller.UnitTests\Microsoft.Crank.Controller.UnitTests.csproj", "{58563A98-912D-492D-BCB8-31A7E8F7D418}"
EndProject
Project("{FAE04EC0-301F-11D3-BF4B-00C04F79EFBC}") = "Microsoft.Crank.Jobs.Wrk.UnitTests", "tests\Microsoft.Crank.Jobs.Wrk.UnitTests\Microsoft.Crank.Jobs.Wrk.UnitTests.csproj", "{E1902224-E815-452B-9C81-DC00323378D7}"
EndProject
Project("{FAE04EC0-301F-11D3-BF4B-00C04F79EFBC}") = "Microsoft.Crank.EventSources.UnitTests", "tests\Microsoft.Crank.EventSources.UnitTests\Microsoft.Crank.EventSources.UnitTests.csproj", "{11CDAC61-70BF-426C-A563-B60CA4502706}"
EndProject
Project("{FAE04EC0-301F-11D3-BF4B-00C04F79EFBC}") = "Microsoft.Crank.Jobs.Bombardier.UnitTests", "tests\Microsoft.Crank.Jobs.Bombardier.UnitTests\Microsoft.Crank.Jobs.Bombardier.UnitTests.csproj", "{3BEFFF5D-8B71-4DB7-8374-05DA220C18C8}"
EndProject
Project("{FAE04EC0-301F-11D3-BF4B-00C04F79EFBC}") = "Microsoft.Crank.Agent.UnitTests", "tests\Microsoft.Crank.Agent.UnitTests\Microsoft.Crank.Agent.UnitTests.csproj", "{736A7453-4020-4A4F-A374-488E4F16F820}"
EndProject
Project("{FAE04EC0-301F-11D3-BF4B-00C04F79EFBC}") = "Microsoft.Crank.Models.UnitTests", "tests\Microsoft.Crank.Models.UnitTests\Microsoft.Crank.Models.UnitTests.csproj", "{BC77FD4E-E754-43AC-AC34-2A04459C2C3F}"
EndProject
Project("{FAE04EC0-301F-11D3-BF4B-00C04F79EFBC}") = "Microsoft.Crank.Jobs.H2Load.UnitTests", "tests\Microsoft.Crank.Jobs.H2Load.UnitTests\Microsoft.Crank.Jobs.H2Load.UnitTests.csproj", "{2D5EBF11-56D0-4615-B13B-0341EA8F1682}"
EndProject
Project("{FAE04EC0-301F-11D3-BF4B-00C04F79EFBC}") = "Microsoft.Crank.AzureDevOpsWorker.UnitTests", "tests\Microsoft.Crank.AzureDevOpsWorker.UnitTests\Microsoft.Crank.AzureDevOpsWorker.UnitTests.csproj", "{9B1A7B7F-6A3D-4DA6-9420-B4140B45D0F4}"
EndProject
Project("{FAE04EC0-301F-11D3-BF4B-00C04F79EFBC}") = "Microsoft.Crank.Jobs.HttpClient.UnitTests", "tests\Microsoft.Crank.Jobs.HttpClient.UnitTests\Microsoft.Crank.Jobs.HttpClient.UnitTests.csproj", "{1CC1A184-76B2-457C-AC83-DE921E982956}"
EndProject
Project("{FAE04EC0-301F-11D3-BF4B-00C04F79EFBC}") = "Microsoft.Crank.JobObjectWrapper.UnitTests", "tests\Microsoft.Crank.JobObjectWrapper.UnitTests\Microsoft.Crank.JobObjectWrapper.UnitTests.csproj", "{3C952566-D1CB-42A6-9A4A-8AC5EA3ADC9F}"
EndProject
Project("{FAE04EC0-301F-11D3-BF4B-00C04F79EFBC}") = "Microsoft.Crank.PullRequestBot.UnitTests", "tests\Microsoft.Crank.PullRequestBot.UnitTests\Microsoft.Crank.PullRequestBot.UnitTests.csproj", "{3370D1D6-430B-4E4A-8509-961F1F944FE2}"
EndProject
Project("{FAE04EC0-301F-11D3-BF4B-00C04F79EFBC}") = "Microsoft.Crank.Jobs.PipeliningClient.UnitTests", "tests\Microsoft.Crank.Jobs.PipeliningClient.UnitTests\Microsoft.Crank.Jobs.PipeliningClient.UnitTests.csproj", "{D7453A48-29AC-402A-956E-F526FE97E3DB}"
EndProject
Project("{FAE04EC0-301F-11D3-BF4B-00C04F79EFBC}") = "Microsoft.Crank.RegressionBot.UnitTests", "tests\Microsoft.Crank.RegressionBot.UnitTests\Microsoft.Crank.RegressionBot.UnitTests.csproj", "{D67B18C9-B7E9-447F-BD3A-EE696A275F86}"
EndProject
Project("{FAE04EC0-301F-11D3-BF4B-00C04F79EFBC}") = "Microsoft.Crank.Jobs.K6.UnitTests", "tests\Microsoft.Crank.Jobs.K6.UnitTests\Microsoft.Crank.Jobs.K6.UnitTests.csproj", "{2566E9DD-64BF-442F-A563-041AE1FF1E4E}"
EndProject
Global
	GlobalSection(SolutionConfigurationPlatforms) = preSolution
		Debug|Any CPU = Debug|Any CPU
		Debug|x64 = Debug|x64
		Debug|x86 = Debug|x86
		Release|Any CPU = Release|Any CPU
		Release|x64 = Release|x64
		Release|x86 = Release|x86
	EndGlobalSection
	GlobalSection(ProjectConfigurationPlatforms) = postSolution
		{CBA92981-0FF1-49B7-8632-136FC2FA8419}.Debug|Any CPU.ActiveCfg = Debug|Any CPU
		{CBA92981-0FF1-49B7-8632-136FC2FA8419}.Debug|Any CPU.Build.0 = Debug|Any CPU
		{CBA92981-0FF1-49B7-8632-136FC2FA8419}.Debug|x64.ActiveCfg = Debug|Any CPU
		{CBA92981-0FF1-49B7-8632-136FC2FA8419}.Debug|x64.Build.0 = Debug|Any CPU
		{CBA92981-0FF1-49B7-8632-136FC2FA8419}.Debug|x86.ActiveCfg = Debug|Any CPU
		{CBA92981-0FF1-49B7-8632-136FC2FA8419}.Debug|x86.Build.0 = Debug|Any CPU
		{CBA92981-0FF1-49B7-8632-136FC2FA8419}.Release|Any CPU.ActiveCfg = Release|Any CPU
		{CBA92981-0FF1-49B7-8632-136FC2FA8419}.Release|Any CPU.Build.0 = Release|Any CPU
		{CBA92981-0FF1-49B7-8632-136FC2FA8419}.Release|x64.ActiveCfg = Release|Any CPU
		{CBA92981-0FF1-49B7-8632-136FC2FA8419}.Release|x64.Build.0 = Release|Any CPU
		{CBA92981-0FF1-49B7-8632-136FC2FA8419}.Release|x86.ActiveCfg = Release|Any CPU
		{CBA92981-0FF1-49B7-8632-136FC2FA8419}.Release|x86.Build.0 = Release|Any CPU
		{ADFAD247-96AC-493A-8E45-3C4356A948D1}.Debug|Any CPU.ActiveCfg = Debug|Any CPU
		{ADFAD247-96AC-493A-8E45-3C4356A948D1}.Debug|Any CPU.Build.0 = Debug|Any CPU
		{ADFAD247-96AC-493A-8E45-3C4356A948D1}.Debug|x64.ActiveCfg = Debug|Any CPU
		{ADFAD247-96AC-493A-8E45-3C4356A948D1}.Debug|x64.Build.0 = Debug|Any CPU
		{ADFAD247-96AC-493A-8E45-3C4356A948D1}.Debug|x86.ActiveCfg = Debug|Any CPU
		{ADFAD247-96AC-493A-8E45-3C4356A948D1}.Debug|x86.Build.0 = Debug|Any CPU
		{ADFAD247-96AC-493A-8E45-3C4356A948D1}.Release|Any CPU.ActiveCfg = Release|Any CPU
		{ADFAD247-96AC-493A-8E45-3C4356A948D1}.Release|Any CPU.Build.0 = Release|Any CPU
		{ADFAD247-96AC-493A-8E45-3C4356A948D1}.Release|x64.ActiveCfg = Release|Any CPU
		{ADFAD247-96AC-493A-8E45-3C4356A948D1}.Release|x64.Build.0 = Release|Any CPU
		{ADFAD247-96AC-493A-8E45-3C4356A948D1}.Release|x86.ActiveCfg = Release|Any CPU
		{ADFAD247-96AC-493A-8E45-3C4356A948D1}.Release|x86.Build.0 = Release|Any CPU
		{7C3BA60E-87F2-4C10-9DAB-0CFD1E6AFFE8}.Debug|Any CPU.ActiveCfg = Debug|Any CPU
		{7C3BA60E-87F2-4C10-9DAB-0CFD1E6AFFE8}.Debug|Any CPU.Build.0 = Debug|Any CPU
		{7C3BA60E-87F2-4C10-9DAB-0CFD1E6AFFE8}.Debug|x64.ActiveCfg = Debug|Any CPU
		{7C3BA60E-87F2-4C10-9DAB-0CFD1E6AFFE8}.Debug|x64.Build.0 = Debug|Any CPU
		{7C3BA60E-87F2-4C10-9DAB-0CFD1E6AFFE8}.Debug|x86.ActiveCfg = Debug|Any CPU
		{7C3BA60E-87F2-4C10-9DAB-0CFD1E6AFFE8}.Debug|x86.Build.0 = Debug|Any CPU
		{7C3BA60E-87F2-4C10-9DAB-0CFD1E6AFFE8}.Release|Any CPU.ActiveCfg = Release|Any CPU
		{7C3BA60E-87F2-4C10-9DAB-0CFD1E6AFFE8}.Release|Any CPU.Build.0 = Release|Any CPU
		{7C3BA60E-87F2-4C10-9DAB-0CFD1E6AFFE8}.Release|x64.ActiveCfg = Release|Any CPU
		{7C3BA60E-87F2-4C10-9DAB-0CFD1E6AFFE8}.Release|x64.Build.0 = Release|Any CPU
		{7C3BA60E-87F2-4C10-9DAB-0CFD1E6AFFE8}.Release|x86.ActiveCfg = Release|Any CPU
		{7C3BA60E-87F2-4C10-9DAB-0CFD1E6AFFE8}.Release|x86.Build.0 = Release|Any CPU
		{D7A46B09-B1F2-4131-9B5C-2FC5A2FA18E6}.Debug|Any CPU.ActiveCfg = Debug|Any CPU
		{D7A46B09-B1F2-4131-9B5C-2FC5A2FA18E6}.Debug|Any CPU.Build.0 = Debug|Any CPU
		{D7A46B09-B1F2-4131-9B5C-2FC5A2FA18E6}.Debug|x64.ActiveCfg = Debug|Any CPU
		{D7A46B09-B1F2-4131-9B5C-2FC5A2FA18E6}.Debug|x64.Build.0 = Debug|Any CPU
		{D7A46B09-B1F2-4131-9B5C-2FC5A2FA18E6}.Debug|x86.ActiveCfg = Debug|Any CPU
		{D7A46B09-B1F2-4131-9B5C-2FC5A2FA18E6}.Debug|x86.Build.0 = Debug|Any CPU
		{D7A46B09-B1F2-4131-9B5C-2FC5A2FA18E6}.Release|Any CPU.ActiveCfg = Release|Any CPU
		{D7A46B09-B1F2-4131-9B5C-2FC5A2FA18E6}.Release|Any CPU.Build.0 = Release|Any CPU
		{D7A46B09-B1F2-4131-9B5C-2FC5A2FA18E6}.Release|x64.ActiveCfg = Release|Any CPU
		{D7A46B09-B1F2-4131-9B5C-2FC5A2FA18E6}.Release|x64.Build.0 = Release|Any CPU
		{D7A46B09-B1F2-4131-9B5C-2FC5A2FA18E6}.Release|x86.ActiveCfg = Release|Any CPU
		{D7A46B09-B1F2-4131-9B5C-2FC5A2FA18E6}.Release|x86.Build.0 = Release|Any CPU
		{3ED3A04B-14F1-489E-ACD4-ED164CED7C18}.Debug|Any CPU.ActiveCfg = Debug|Any CPU
		{3ED3A04B-14F1-489E-ACD4-ED164CED7C18}.Debug|Any CPU.Build.0 = Debug|Any CPU
		{3ED3A04B-14F1-489E-ACD4-ED164CED7C18}.Debug|x64.ActiveCfg = Debug|Any CPU
		{3ED3A04B-14F1-489E-ACD4-ED164CED7C18}.Debug|x64.Build.0 = Debug|Any CPU
		{3ED3A04B-14F1-489E-ACD4-ED164CED7C18}.Debug|x86.ActiveCfg = Debug|Any CPU
		{3ED3A04B-14F1-489E-ACD4-ED164CED7C18}.Debug|x86.Build.0 = Debug|Any CPU
		{3ED3A04B-14F1-489E-ACD4-ED164CED7C18}.Release|Any CPU.ActiveCfg = Release|Any CPU
		{3ED3A04B-14F1-489E-ACD4-ED164CED7C18}.Release|Any CPU.Build.0 = Release|Any CPU
		{3ED3A04B-14F1-489E-ACD4-ED164CED7C18}.Release|x64.ActiveCfg = Release|Any CPU
		{3ED3A04B-14F1-489E-ACD4-ED164CED7C18}.Release|x64.Build.0 = Release|Any CPU
		{3ED3A04B-14F1-489E-ACD4-ED164CED7C18}.Release|x86.ActiveCfg = Release|Any CPU
		{3ED3A04B-14F1-489E-ACD4-ED164CED7C18}.Release|x86.Build.0 = Release|Any CPU
		{1394178E-4ABA-47C9-935B-EF5E84B56694}.Debug|Any CPU.ActiveCfg = Debug|Any CPU
		{1394178E-4ABA-47C9-935B-EF5E84B56694}.Debug|Any CPU.Build.0 = Debug|Any CPU
		{1394178E-4ABA-47C9-935B-EF5E84B56694}.Debug|x64.ActiveCfg = Debug|Any CPU
		{1394178E-4ABA-47C9-935B-EF5E84B56694}.Debug|x64.Build.0 = Debug|Any CPU
		{1394178E-4ABA-47C9-935B-EF5E84B56694}.Debug|x86.ActiveCfg = Debug|Any CPU
		{1394178E-4ABA-47C9-935B-EF5E84B56694}.Debug|x86.Build.0 = Debug|Any CPU
		{1394178E-4ABA-47C9-935B-EF5E84B56694}.Release|Any CPU.ActiveCfg = Release|Any CPU
		{1394178E-4ABA-47C9-935B-EF5E84B56694}.Release|Any CPU.Build.0 = Release|Any CPU
		{1394178E-4ABA-47C9-935B-EF5E84B56694}.Release|x64.ActiveCfg = Release|Any CPU
		{1394178E-4ABA-47C9-935B-EF5E84B56694}.Release|x64.Build.0 = Release|Any CPU
		{1394178E-4ABA-47C9-935B-EF5E84B56694}.Release|x86.ActiveCfg = Release|Any CPU
		{1394178E-4ABA-47C9-935B-EF5E84B56694}.Release|x86.Build.0 = Release|Any CPU
		{66E8C05F-CA23-4EB4-8D23-F6E94FBD714E}.Debug|Any CPU.ActiveCfg = Debug|Any CPU
		{66E8C05F-CA23-4EB4-8D23-F6E94FBD714E}.Debug|Any CPU.Build.0 = Debug|Any CPU
		{66E8C05F-CA23-4EB4-8D23-F6E94FBD714E}.Debug|x64.ActiveCfg = Debug|Any CPU
		{66E8C05F-CA23-4EB4-8D23-F6E94FBD714E}.Debug|x64.Build.0 = Debug|Any CPU
		{66E8C05F-CA23-4EB4-8D23-F6E94FBD714E}.Debug|x86.ActiveCfg = Debug|Any CPU
		{66E8C05F-CA23-4EB4-8D23-F6E94FBD714E}.Debug|x86.Build.0 = Debug|Any CPU
		{66E8C05F-CA23-4EB4-8D23-F6E94FBD714E}.Release|Any CPU.ActiveCfg = Release|Any CPU
		{66E8C05F-CA23-4EB4-8D23-F6E94FBD714E}.Release|Any CPU.Build.0 = Release|Any CPU
		{66E8C05F-CA23-4EB4-8D23-F6E94FBD714E}.Release|x64.ActiveCfg = Release|Any CPU
		{66E8C05F-CA23-4EB4-8D23-F6E94FBD714E}.Release|x64.Build.0 = Release|Any CPU
		{66E8C05F-CA23-4EB4-8D23-F6E94FBD714E}.Release|x86.ActiveCfg = Release|Any CPU
		{66E8C05F-CA23-4EB4-8D23-F6E94FBD714E}.Release|x86.Build.0 = Release|Any CPU
		{BE9D7C89-3E10-4BFB-B9A0-5FCC92FC47E5}.Debug|Any CPU.ActiveCfg = Debug|Any CPU
		{BE9D7C89-3E10-4BFB-B9A0-5FCC92FC47E5}.Debug|Any CPU.Build.0 = Debug|Any CPU
		{BE9D7C89-3E10-4BFB-B9A0-5FCC92FC47E5}.Debug|x64.ActiveCfg = Debug|Any CPU
		{BE9D7C89-3E10-4BFB-B9A0-5FCC92FC47E5}.Debug|x64.Build.0 = Debug|Any CPU
		{BE9D7C89-3E10-4BFB-B9A0-5FCC92FC47E5}.Debug|x86.ActiveCfg = Debug|Any CPU
		{BE9D7C89-3E10-4BFB-B9A0-5FCC92FC47E5}.Debug|x86.Build.0 = Debug|Any CPU
		{BE9D7C89-3E10-4BFB-B9A0-5FCC92FC47E5}.Release|Any CPU.ActiveCfg = Release|Any CPU
		{BE9D7C89-3E10-4BFB-B9A0-5FCC92FC47E5}.Release|Any CPU.Build.0 = Release|Any CPU
		{BE9D7C89-3E10-4BFB-B9A0-5FCC92FC47E5}.Release|x64.ActiveCfg = Release|Any CPU
		{BE9D7C89-3E10-4BFB-B9A0-5FCC92FC47E5}.Release|x64.Build.0 = Release|Any CPU
		{BE9D7C89-3E10-4BFB-B9A0-5FCC92FC47E5}.Release|x86.ActiveCfg = Release|Any CPU
		{BE9D7C89-3E10-4BFB-B9A0-5FCC92FC47E5}.Release|x86.Build.0 = Release|Any CPU
		{FB125FDC-551F-4548-B4CA-3A2B5E7198D9}.Debug|Any CPU.ActiveCfg = Debug|Any CPU
		{FB125FDC-551F-4548-B4CA-3A2B5E7198D9}.Debug|Any CPU.Build.0 = Debug|Any CPU
		{FB125FDC-551F-4548-B4CA-3A2B5E7198D9}.Debug|x64.ActiveCfg = Debug|Any CPU
		{FB125FDC-551F-4548-B4CA-3A2B5E7198D9}.Debug|x64.Build.0 = Debug|Any CPU
		{FB125FDC-551F-4548-B4CA-3A2B5E7198D9}.Debug|x86.ActiveCfg = Debug|Any CPU
		{FB125FDC-551F-4548-B4CA-3A2B5E7198D9}.Debug|x86.Build.0 = Debug|Any CPU
		{FB125FDC-551F-4548-B4CA-3A2B5E7198D9}.Release|Any CPU.ActiveCfg = Release|Any CPU
		{FB125FDC-551F-4548-B4CA-3A2B5E7198D9}.Release|Any CPU.Build.0 = Release|Any CPU
		{FB125FDC-551F-4548-B4CA-3A2B5E7198D9}.Release|x64.ActiveCfg = Release|Any CPU
		{FB125FDC-551F-4548-B4CA-3A2B5E7198D9}.Release|x64.Build.0 = Release|Any CPU
		{FB125FDC-551F-4548-B4CA-3A2B5E7198D9}.Release|x86.ActiveCfg = Release|Any CPU
		{FB125FDC-551F-4548-B4CA-3A2B5E7198D9}.Release|x86.Build.0 = Release|Any CPU
		{8FF6CBDB-2629-4A35-BC1B-794CE1A43451}.Debug|Any CPU.ActiveCfg = Debug|Any CPU
		{8FF6CBDB-2629-4A35-BC1B-794CE1A43451}.Debug|Any CPU.Build.0 = Debug|Any CPU
		{8FF6CBDB-2629-4A35-BC1B-794CE1A43451}.Debug|x64.ActiveCfg = Debug|Any CPU
		{8FF6CBDB-2629-4A35-BC1B-794CE1A43451}.Debug|x64.Build.0 = Debug|Any CPU
		{8FF6CBDB-2629-4A35-BC1B-794CE1A43451}.Debug|x86.ActiveCfg = Debug|Any CPU
		{8FF6CBDB-2629-4A35-BC1B-794CE1A43451}.Debug|x86.Build.0 = Debug|Any CPU
		{8FF6CBDB-2629-4A35-BC1B-794CE1A43451}.Release|Any CPU.ActiveCfg = Release|Any CPU
		{8FF6CBDB-2629-4A35-BC1B-794CE1A43451}.Release|Any CPU.Build.0 = Release|Any CPU
		{8FF6CBDB-2629-4A35-BC1B-794CE1A43451}.Release|x64.ActiveCfg = Release|Any CPU
		{8FF6CBDB-2629-4A35-BC1B-794CE1A43451}.Release|x64.Build.0 = Release|Any CPU
		{8FF6CBDB-2629-4A35-BC1B-794CE1A43451}.Release|x86.ActiveCfg = Release|Any CPU
		{8FF6CBDB-2629-4A35-BC1B-794CE1A43451}.Release|x86.Build.0 = Release|Any CPU
		{BB0422DA-E7C5-47FB-8EF5-E34F57B51E44}.Debug|Any CPU.ActiveCfg = Debug|Any CPU
		{BB0422DA-E7C5-47FB-8EF5-E34F57B51E44}.Debug|Any CPU.Build.0 = Debug|Any CPU
		{BB0422DA-E7C5-47FB-8EF5-E34F57B51E44}.Debug|x64.ActiveCfg = Debug|Any CPU
		{BB0422DA-E7C5-47FB-8EF5-E34F57B51E44}.Debug|x64.Build.0 = Debug|Any CPU
		{BB0422DA-E7C5-47FB-8EF5-E34F57B51E44}.Debug|x86.ActiveCfg = Debug|Any CPU
		{BB0422DA-E7C5-47FB-8EF5-E34F57B51E44}.Debug|x86.Build.0 = Debug|Any CPU
		{BB0422DA-E7C5-47FB-8EF5-E34F57B51E44}.Release|Any CPU.ActiveCfg = Release|Any CPU
		{BB0422DA-E7C5-47FB-8EF5-E34F57B51E44}.Release|Any CPU.Build.0 = Release|Any CPU
		{BB0422DA-E7C5-47FB-8EF5-E34F57B51E44}.Release|x64.ActiveCfg = Release|Any CPU
		{BB0422DA-E7C5-47FB-8EF5-E34F57B51E44}.Release|x64.Build.0 = Release|Any CPU
		{BB0422DA-E7C5-47FB-8EF5-E34F57B51E44}.Release|x86.ActiveCfg = Release|Any CPU
		{BB0422DA-E7C5-47FB-8EF5-E34F57B51E44}.Release|x86.Build.0 = Release|Any CPU
		{2C9E2686-6C86-4D32-B57E-EDC8047EB8B8}.Debug|Any CPU.ActiveCfg = Debug|Any CPU
		{2C9E2686-6C86-4D32-B57E-EDC8047EB8B8}.Debug|Any CPU.Build.0 = Debug|Any CPU
		{2C9E2686-6C86-4D32-B57E-EDC8047EB8B8}.Debug|x64.ActiveCfg = Debug|Any CPU
		{2C9E2686-6C86-4D32-B57E-EDC8047EB8B8}.Debug|x64.Build.0 = Debug|Any CPU
		{2C9E2686-6C86-4D32-B57E-EDC8047EB8B8}.Debug|x86.ActiveCfg = Debug|Any CPU
		{2C9E2686-6C86-4D32-B57E-EDC8047EB8B8}.Debug|x86.Build.0 = Debug|Any CPU
		{2C9E2686-6C86-4D32-B57E-EDC8047EB8B8}.Release|Any CPU.ActiveCfg = Release|Any CPU
		{2C9E2686-6C86-4D32-B57E-EDC8047EB8B8}.Release|Any CPU.Build.0 = Release|Any CPU
		{2C9E2686-6C86-4D32-B57E-EDC8047EB8B8}.Release|x64.ActiveCfg = Release|Any CPU
		{2C9E2686-6C86-4D32-B57E-EDC8047EB8B8}.Release|x64.Build.0 = Release|Any CPU
		{2C9E2686-6C86-4D32-B57E-EDC8047EB8B8}.Release|x86.ActiveCfg = Release|Any CPU
		{2C9E2686-6C86-4D32-B57E-EDC8047EB8B8}.Release|x86.Build.0 = Release|Any CPU
		{7BAB625A-3338-4BF1-BD0C-D5ECCAC254B5}.Debug|Any CPU.ActiveCfg = Debug|Any CPU
		{7BAB625A-3338-4BF1-BD0C-D5ECCAC254B5}.Debug|Any CPU.Build.0 = Debug|Any CPU
		{7BAB625A-3338-4BF1-BD0C-D5ECCAC254B5}.Debug|x64.ActiveCfg = Debug|Any CPU
		{7BAB625A-3338-4BF1-BD0C-D5ECCAC254B5}.Debug|x64.Build.0 = Debug|Any CPU
		{7BAB625A-3338-4BF1-BD0C-D5ECCAC254B5}.Debug|x86.ActiveCfg = Debug|Any CPU
		{7BAB625A-3338-4BF1-BD0C-D5ECCAC254B5}.Debug|x86.Build.0 = Debug|Any CPU
		{7BAB625A-3338-4BF1-BD0C-D5ECCAC254B5}.Release|Any CPU.ActiveCfg = Release|Any CPU
		{7BAB625A-3338-4BF1-BD0C-D5ECCAC254B5}.Release|Any CPU.Build.0 = Release|Any CPU
		{7BAB625A-3338-4BF1-BD0C-D5ECCAC254B5}.Release|x64.ActiveCfg = Release|Any CPU
		{7BAB625A-3338-4BF1-BD0C-D5ECCAC254B5}.Release|x64.Build.0 = Release|Any CPU
		{7BAB625A-3338-4BF1-BD0C-D5ECCAC254B5}.Release|x86.ActiveCfg = Release|Any CPU
		{7BAB625A-3338-4BF1-BD0C-D5ECCAC254B5}.Release|x86.Build.0 = Release|Any CPU
		{C45AB9D7-5346-4610-8D44-C6F6B31BEC2D}.Debug|Any CPU.ActiveCfg = Debug|Any CPU
		{C45AB9D7-5346-4610-8D44-C6F6B31BEC2D}.Debug|Any CPU.Build.0 = Debug|Any CPU
		{C45AB9D7-5346-4610-8D44-C6F6B31BEC2D}.Debug|x64.ActiveCfg = Debug|Any CPU
		{C45AB9D7-5346-4610-8D44-C6F6B31BEC2D}.Debug|x64.Build.0 = Debug|Any CPU
		{C45AB9D7-5346-4610-8D44-C6F6B31BEC2D}.Debug|x86.ActiveCfg = Debug|Any CPU
		{C45AB9D7-5346-4610-8D44-C6F6B31BEC2D}.Debug|x86.Build.0 = Debug|Any CPU
		{C45AB9D7-5346-4610-8D44-C6F6B31BEC2D}.Release|Any CPU.ActiveCfg = Release|Any CPU
		{C45AB9D7-5346-4610-8D44-C6F6B31BEC2D}.Release|Any CPU.Build.0 = Release|Any CPU
		{C45AB9D7-5346-4610-8D44-C6F6B31BEC2D}.Release|x64.ActiveCfg = Release|Any CPU
		{C45AB9D7-5346-4610-8D44-C6F6B31BEC2D}.Release|x64.Build.0 = Release|Any CPU
		{C45AB9D7-5346-4610-8D44-C6F6B31BEC2D}.Release|x86.ActiveCfg = Release|Any CPU
		{C45AB9D7-5346-4610-8D44-C6F6B31BEC2D}.Release|x86.Build.0 = Release|Any CPU
		{A2B9140B-46E5-451D-9246-ECA019487F5C}.Debug|Any CPU.ActiveCfg = Debug|Any CPU
		{A2B9140B-46E5-451D-9246-ECA019487F5C}.Debug|Any CPU.Build.0 = Debug|Any CPU
		{A2B9140B-46E5-451D-9246-ECA019487F5C}.Debug|x64.ActiveCfg = Debug|Any CPU
		{A2B9140B-46E5-451D-9246-ECA019487F5C}.Debug|x64.Build.0 = Debug|Any CPU
		{A2B9140B-46E5-451D-9246-ECA019487F5C}.Debug|x86.ActiveCfg = Debug|Any CPU
		{A2B9140B-46E5-451D-9246-ECA019487F5C}.Debug|x86.Build.0 = Debug|Any CPU
		{A2B9140B-46E5-451D-9246-ECA019487F5C}.Release|Any CPU.ActiveCfg = Release|Any CPU
		{A2B9140B-46E5-451D-9246-ECA019487F5C}.Release|Any CPU.Build.0 = Release|Any CPU
		{A2B9140B-46E5-451D-9246-ECA019487F5C}.Release|x64.ActiveCfg = Release|Any CPU
		{A2B9140B-46E5-451D-9246-ECA019487F5C}.Release|x64.Build.0 = Release|Any CPU
		{A2B9140B-46E5-451D-9246-ECA019487F5C}.Release|x86.ActiveCfg = Release|Any CPU
		{A2B9140B-46E5-451D-9246-ECA019487F5C}.Release|x86.Build.0 = Release|Any CPU
		{D02CC5A5-A6EA-42CF-9EA5-E3D1CE0FFBFE}.Debug|Any CPU.ActiveCfg = Debug|Any CPU
		{D02CC5A5-A6EA-42CF-9EA5-E3D1CE0FFBFE}.Debug|Any CPU.Build.0 = Debug|Any CPU
		{D02CC5A5-A6EA-42CF-9EA5-E3D1CE0FFBFE}.Debug|x64.ActiveCfg = Debug|Any CPU
		{D02CC5A5-A6EA-42CF-9EA5-E3D1CE0FFBFE}.Debug|x64.Build.0 = Debug|Any CPU
		{D02CC5A5-A6EA-42CF-9EA5-E3D1CE0FFBFE}.Debug|x86.ActiveCfg = Debug|Any CPU
		{D02CC5A5-A6EA-42CF-9EA5-E3D1CE0FFBFE}.Debug|x86.Build.0 = Debug|Any CPU
		{D02CC5A5-A6EA-42CF-9EA5-E3D1CE0FFBFE}.Release|Any CPU.ActiveCfg = Release|Any CPU
		{D02CC5A5-A6EA-42CF-9EA5-E3D1CE0FFBFE}.Release|Any CPU.Build.0 = Release|Any CPU
		{D02CC5A5-A6EA-42CF-9EA5-E3D1CE0FFBFE}.Release|x64.ActiveCfg = Release|Any CPU
		{D02CC5A5-A6EA-42CF-9EA5-E3D1CE0FFBFE}.Release|x64.Build.0 = Release|Any CPU
		{D02CC5A5-A6EA-42CF-9EA5-E3D1CE0FFBFE}.Release|x86.ActiveCfg = Release|Any CPU
		{D02CC5A5-A6EA-42CF-9EA5-E3D1CE0FFBFE}.Release|x86.Build.0 = Release|Any CPU
		{D8DD4222-6929-46F3-A3F2-F38394AA1C72}.Debug|Any CPU.ActiveCfg = Debug|Any CPU
		{D8DD4222-6929-46F3-A3F2-F38394AA1C72}.Debug|Any CPU.Build.0 = Debug|Any CPU
		{D8DD4222-6929-46F3-A3F2-F38394AA1C72}.Debug|x64.ActiveCfg = Debug|Any CPU
		{D8DD4222-6929-46F3-A3F2-F38394AA1C72}.Debug|x64.Build.0 = Debug|Any CPU
		{D8DD4222-6929-46F3-A3F2-F38394AA1C72}.Debug|x86.ActiveCfg = Debug|Any CPU
		{D8DD4222-6929-46F3-A3F2-F38394AA1C72}.Debug|x86.Build.0 = Debug|Any CPU
		{D8DD4222-6929-46F3-A3F2-F38394AA1C72}.Release|Any CPU.ActiveCfg = Release|Any CPU
		{D8DD4222-6929-46F3-A3F2-F38394AA1C72}.Release|Any CPU.Build.0 = Release|Any CPU
		{D8DD4222-6929-46F3-A3F2-F38394AA1C72}.Release|x64.ActiveCfg = Release|Any CPU
		{D8DD4222-6929-46F3-A3F2-F38394AA1C72}.Release|x64.Build.0 = Release|Any CPU
		{D8DD4222-6929-46F3-A3F2-F38394AA1C72}.Release|x86.ActiveCfg = Release|Any CPU
		{D8DD4222-6929-46F3-A3F2-F38394AA1C72}.Release|x86.Build.0 = Release|Any CPU
		{113245BE-5DAD-4AF2-B0A1-53FC261BB63D}.Debug|Any CPU.ActiveCfg = Debug|Any CPU
		{113245BE-5DAD-4AF2-B0A1-53FC261BB63D}.Debug|Any CPU.Build.0 = Debug|Any CPU
		{113245BE-5DAD-4AF2-B0A1-53FC261BB63D}.Debug|x64.ActiveCfg = Debug|Any CPU
		{113245BE-5DAD-4AF2-B0A1-53FC261BB63D}.Debug|x64.Build.0 = Debug|Any CPU
		{113245BE-5DAD-4AF2-B0A1-53FC261BB63D}.Debug|x86.ActiveCfg = Debug|Any CPU
		{113245BE-5DAD-4AF2-B0A1-53FC261BB63D}.Debug|x86.Build.0 = Debug|Any CPU
		{113245BE-5DAD-4AF2-B0A1-53FC261BB63D}.Release|Any CPU.ActiveCfg = Release|Any CPU
		{113245BE-5DAD-4AF2-B0A1-53FC261BB63D}.Release|Any CPU.Build.0 = Release|Any CPU
		{113245BE-5DAD-4AF2-B0A1-53FC261BB63D}.Release|x64.ActiveCfg = Release|Any CPU
		{113245BE-5DAD-4AF2-B0A1-53FC261BB63D}.Release|x64.Build.0 = Release|Any CPU
		{113245BE-5DAD-4AF2-B0A1-53FC261BB63D}.Release|x86.ActiveCfg = Release|Any CPU
		{113245BE-5DAD-4AF2-B0A1-53FC261BB63D}.Release|x86.Build.0 = Release|Any CPU
		{58563A98-912D-492D-BCB8-31A7E8F7D418}.Debug|Any CPU.ActiveCfg = Debug|Any CPU
		{58563A98-912D-492D-BCB8-31A7E8F7D418}.Debug|Any CPU.Build.0 = Debug|Any CPU
		{58563A98-912D-492D-BCB8-31A7E8F7D418}.Debug|x64.ActiveCfg = Debug|Any CPU
		{58563A98-912D-492D-BCB8-31A7E8F7D418}.Debug|x64.Build.0 = Debug|Any CPU
		{58563A98-912D-492D-BCB8-31A7E8F7D418}.Debug|x86.ActiveCfg = Debug|Any CPU
		{58563A98-912D-492D-BCB8-31A7E8F7D418}.Debug|x86.Build.0 = Debug|Any CPU
		{58563A98-912D-492D-BCB8-31A7E8F7D418}.Release|Any CPU.ActiveCfg = Release|Any CPU
		{58563A98-912D-492D-BCB8-31A7E8F7D418}.Release|Any CPU.Build.0 = Release|Any CPU
		{58563A98-912D-492D-BCB8-31A7E8F7D418}.Release|x64.ActiveCfg = Release|Any CPU
		{58563A98-912D-492D-BCB8-31A7E8F7D418}.Release|x64.Build.0 = Release|Any CPU
		{58563A98-912D-492D-BCB8-31A7E8F7D418}.Release|x86.ActiveCfg = Release|Any CPU
		{58563A98-912D-492D-BCB8-31A7E8F7D418}.Release|x86.Build.0 = Release|Any CPU
		{E1902224-E815-452B-9C81-DC00323378D7}.Debug|Any CPU.ActiveCfg = Debug|Any CPU
		{E1902224-E815-452B-9C81-DC00323378D7}.Debug|Any CPU.Build.0 = Debug|Any CPU
		{E1902224-E815-452B-9C81-DC00323378D7}.Debug|x64.ActiveCfg = Debug|Any CPU
		{E1902224-E815-452B-9C81-DC00323378D7}.Debug|x64.Build.0 = Debug|Any CPU
		{E1902224-E815-452B-9C81-DC00323378D7}.Debug|x86.ActiveCfg = Debug|Any CPU
		{E1902224-E815-452B-9C81-DC00323378D7}.Debug|x86.Build.0 = Debug|Any CPU
		{E1902224-E815-452B-9C81-DC00323378D7}.Release|Any CPU.ActiveCfg = Release|Any CPU
		{E1902224-E815-452B-9C81-DC00323378D7}.Release|Any CPU.Build.0 = Release|Any CPU
		{E1902224-E815-452B-9C81-DC00323378D7}.Release|x64.ActiveCfg = Release|Any CPU
		{E1902224-E815-452B-9C81-DC00323378D7}.Release|x64.Build.0 = Release|Any CPU
		{E1902224-E815-452B-9C81-DC00323378D7}.Release|x86.ActiveCfg = Release|Any CPU
		{E1902224-E815-452B-9C81-DC00323378D7}.Release|x86.Build.0 = Release|Any CPU
		{11CDAC61-70BF-426C-A563-B60CA4502706}.Debug|Any CPU.ActiveCfg = Debug|Any CPU
		{11CDAC61-70BF-426C-A563-B60CA4502706}.Debug|Any CPU.Build.0 = Debug|Any CPU
		{11CDAC61-70BF-426C-A563-B60CA4502706}.Debug|x64.ActiveCfg = Debug|Any CPU
		{11CDAC61-70BF-426C-A563-B60CA4502706}.Debug|x64.Build.0 = Debug|Any CPU
		{11CDAC61-70BF-426C-A563-B60CA4502706}.Debug|x86.ActiveCfg = Debug|Any CPU
		{11CDAC61-70BF-426C-A563-B60CA4502706}.Debug|x86.Build.0 = Debug|Any CPU
		{11CDAC61-70BF-426C-A563-B60CA4502706}.Release|Any CPU.ActiveCfg = Release|Any CPU
		{11CDAC61-70BF-426C-A563-B60CA4502706}.Release|Any CPU.Build.0 = Release|Any CPU
		{11CDAC61-70BF-426C-A563-B60CA4502706}.Release|x64.ActiveCfg = Release|Any CPU
		{11CDAC61-70BF-426C-A563-B60CA4502706}.Release|x64.Build.0 = Release|Any CPU
		{11CDAC61-70BF-426C-A563-B60CA4502706}.Release|x86.ActiveCfg = Release|Any CPU
		{11CDAC61-70BF-426C-A563-B60CA4502706}.Release|x86.Build.0 = Release|Any CPU
		{3BEFFF5D-8B71-4DB7-8374-05DA220C18C8}.Debug|Any CPU.ActiveCfg = Debug|Any CPU
		{3BEFFF5D-8B71-4DB7-8374-05DA220C18C8}.Debug|Any CPU.Build.0 = Debug|Any CPU
		{3BEFFF5D-8B71-4DB7-8374-05DA220C18C8}.Debug|x64.ActiveCfg = Debug|Any CPU
		{3BEFFF5D-8B71-4DB7-8374-05DA220C18C8}.Debug|x64.Build.0 = Debug|Any CPU
		{3BEFFF5D-8B71-4DB7-8374-05DA220C18C8}.Debug|x86.ActiveCfg = Debug|Any CPU
		{3BEFFF5D-8B71-4DB7-8374-05DA220C18C8}.Debug|x86.Build.0 = Debug|Any CPU
		{3BEFFF5D-8B71-4DB7-8374-05DA220C18C8}.Release|Any CPU.ActiveCfg = Release|Any CPU
		{3BEFFF5D-8B71-4DB7-8374-05DA220C18C8}.Release|Any CPU.Build.0 = Release|Any CPU
		{3BEFFF5D-8B71-4DB7-8374-05DA220C18C8}.Release|x64.ActiveCfg = Release|Any CPU
		{3BEFFF5D-8B71-4DB7-8374-05DA220C18C8}.Release|x64.Build.0 = Release|Any CPU
		{3BEFFF5D-8B71-4DB7-8374-05DA220C18C8}.Release|x86.ActiveCfg = Release|Any CPU
		{3BEFFF5D-8B71-4DB7-8374-05DA220C18C8}.Release|x86.Build.0 = Release|Any CPU
		{736A7453-4020-4A4F-A374-488E4F16F820}.Debug|Any CPU.ActiveCfg = Debug|Any CPU
		{736A7453-4020-4A4F-A374-488E4F16F820}.Debug|Any CPU.Build.0 = Debug|Any CPU
		{736A7453-4020-4A4F-A374-488E4F16F820}.Debug|x64.ActiveCfg = Debug|Any CPU
		{736A7453-4020-4A4F-A374-488E4F16F820}.Debug|x64.Build.0 = Debug|Any CPU
		{736A7453-4020-4A4F-A374-488E4F16F820}.Debug|x86.ActiveCfg = Debug|Any CPU
		{736A7453-4020-4A4F-A374-488E4F16F820}.Debug|x86.Build.0 = Debug|Any CPU
		{736A7453-4020-4A4F-A374-488E4F16F820}.Release|Any CPU.ActiveCfg = Release|Any CPU
		{736A7453-4020-4A4F-A374-488E4F16F820}.Release|Any CPU.Build.0 = Release|Any CPU
		{736A7453-4020-4A4F-A374-488E4F16F820}.Release|x64.ActiveCfg = Release|Any CPU
		{736A7453-4020-4A4F-A374-488E4F16F820}.Release|x64.Build.0 = Release|Any CPU
		{736A7453-4020-4A4F-A374-488E4F16F820}.Release|x86.ActiveCfg = Release|Any CPU
		{736A7453-4020-4A4F-A374-488E4F16F820}.Release|x86.Build.0 = Release|Any CPU
		{BC77FD4E-E754-43AC-AC34-2A04459C2C3F}.Debug|Any CPU.ActiveCfg = Debug|Any CPU
		{BC77FD4E-E754-43AC-AC34-2A04459C2C3F}.Debug|Any CPU.Build.0 = Debug|Any CPU
		{BC77FD4E-E754-43AC-AC34-2A04459C2C3F}.Debug|x64.ActiveCfg = Debug|Any CPU
		{BC77FD4E-E754-43AC-AC34-2A04459C2C3F}.Debug|x64.Build.0 = Debug|Any CPU
		{BC77FD4E-E754-43AC-AC34-2A04459C2C3F}.Debug|x86.ActiveCfg = Debug|Any CPU
		{BC77FD4E-E754-43AC-AC34-2A04459C2C3F}.Debug|x86.Build.0 = Debug|Any CPU
		{BC77FD4E-E754-43AC-AC34-2A04459C2C3F}.Release|Any CPU.ActiveCfg = Release|Any CPU
		{BC77FD4E-E754-43AC-AC34-2A04459C2C3F}.Release|Any CPU.Build.0 = Release|Any CPU
		{BC77FD4E-E754-43AC-AC34-2A04459C2C3F}.Release|x64.ActiveCfg = Release|Any CPU
		{BC77FD4E-E754-43AC-AC34-2A04459C2C3F}.Release|x64.Build.0 = Release|Any CPU
		{BC77FD4E-E754-43AC-AC34-2A04459C2C3F}.Release|x86.ActiveCfg = Release|Any CPU
		{BC77FD4E-E754-43AC-AC34-2A04459C2C3F}.Release|x86.Build.0 = Release|Any CPU
		{2D5EBF11-56D0-4615-B13B-0341EA8F1682}.Debug|Any CPU.ActiveCfg = Debug|Any CPU
		{2D5EBF11-56D0-4615-B13B-0341EA8F1682}.Debug|Any CPU.Build.0 = Debug|Any CPU
		{2D5EBF11-56D0-4615-B13B-0341EA8F1682}.Debug|x64.ActiveCfg = Debug|Any CPU
		{2D5EBF11-56D0-4615-B13B-0341EA8F1682}.Debug|x64.Build.0 = Debug|Any CPU
		{2D5EBF11-56D0-4615-B13B-0341EA8F1682}.Debug|x86.ActiveCfg = Debug|Any CPU
		{2D5EBF11-56D0-4615-B13B-0341EA8F1682}.Debug|x86.Build.0 = Debug|Any CPU
		{2D5EBF11-56D0-4615-B13B-0341EA8F1682}.Release|Any CPU.ActiveCfg = Release|Any CPU
		{2D5EBF11-56D0-4615-B13B-0341EA8F1682}.Release|Any CPU.Build.0 = Release|Any CPU
		{2D5EBF11-56D0-4615-B13B-0341EA8F1682}.Release|x64.ActiveCfg = Release|Any CPU
		{2D5EBF11-56D0-4615-B13B-0341EA8F1682}.Release|x64.Build.0 = Release|Any CPU
		{2D5EBF11-56D0-4615-B13B-0341EA8F1682}.Release|x86.ActiveCfg = Release|Any CPU
		{2D5EBF11-56D0-4615-B13B-0341EA8F1682}.Release|x86.Build.0 = Release|Any CPU
		{9B1A7B7F-6A3D-4DA6-9420-B4140B45D0F4}.Debug|Any CPU.ActiveCfg = Debug|Any CPU
		{9B1A7B7F-6A3D-4DA6-9420-B4140B45D0F4}.Debug|Any CPU.Build.0 = Debug|Any CPU
		{9B1A7B7F-6A3D-4DA6-9420-B4140B45D0F4}.Debug|x64.ActiveCfg = Debug|Any CPU
		{9B1A7B7F-6A3D-4DA6-9420-B4140B45D0F4}.Debug|x64.Build.0 = Debug|Any CPU
		{9B1A7B7F-6A3D-4DA6-9420-B4140B45D0F4}.Debug|x86.ActiveCfg = Debug|Any CPU
		{9B1A7B7F-6A3D-4DA6-9420-B4140B45D0F4}.Debug|x86.Build.0 = Debug|Any CPU
		{9B1A7B7F-6A3D-4DA6-9420-B4140B45D0F4}.Release|Any CPU.ActiveCfg = Release|Any CPU
		{9B1A7B7F-6A3D-4DA6-9420-B4140B45D0F4}.Release|Any CPU.Build.0 = Release|Any CPU
		{9B1A7B7F-6A3D-4DA6-9420-B4140B45D0F4}.Release|x64.ActiveCfg = Release|Any CPU
		{9B1A7B7F-6A3D-4DA6-9420-B4140B45D0F4}.Release|x64.Build.0 = Release|Any CPU
		{9B1A7B7F-6A3D-4DA6-9420-B4140B45D0F4}.Release|x86.ActiveCfg = Release|Any CPU
		{9B1A7B7F-6A3D-4DA6-9420-B4140B45D0F4}.Release|x86.Build.0 = Release|Any CPU
		{1CC1A184-76B2-457C-AC83-DE921E982956}.Debug|Any CPU.ActiveCfg = Debug|Any CPU
		{1CC1A184-76B2-457C-AC83-DE921E982956}.Debug|Any CPU.Build.0 = Debug|Any CPU
		{1CC1A184-76B2-457C-AC83-DE921E982956}.Debug|x64.ActiveCfg = Debug|Any CPU
		{1CC1A184-76B2-457C-AC83-DE921E982956}.Debug|x64.Build.0 = Debug|Any CPU
		{1CC1A184-76B2-457C-AC83-DE921E982956}.Debug|x86.ActiveCfg = Debug|Any CPU
		{1CC1A184-76B2-457C-AC83-DE921E982956}.Debug|x86.Build.0 = Debug|Any CPU
		{1CC1A184-76B2-457C-AC83-DE921E982956}.Release|Any CPU.ActiveCfg = Release|Any CPU
		{1CC1A184-76B2-457C-AC83-DE921E982956}.Release|Any CPU.Build.0 = Release|Any CPU
		{1CC1A184-76B2-457C-AC83-DE921E982956}.Release|x64.ActiveCfg = Release|Any CPU
		{1CC1A184-76B2-457C-AC83-DE921E982956}.Release|x64.Build.0 = Release|Any CPU
		{1CC1A184-76B2-457C-AC83-DE921E982956}.Release|x86.ActiveCfg = Release|Any CPU
		{1CC1A184-76B2-457C-AC83-DE921E982956}.Release|x86.Build.0 = Release|Any CPU
		{3C952566-D1CB-42A6-9A4A-8AC5EA3ADC9F}.Debug|Any CPU.ActiveCfg = Debug|Any CPU
		{3C952566-D1CB-42A6-9A4A-8AC5EA3ADC9F}.Debug|Any CPU.Build.0 = Debug|Any CPU
		{3C952566-D1CB-42A6-9A4A-8AC5EA3ADC9F}.Debug|x64.ActiveCfg = Debug|Any CPU
		{3C952566-D1CB-42A6-9A4A-8AC5EA3ADC9F}.Debug|x64.Build.0 = Debug|Any CPU
		{3C952566-D1CB-42A6-9A4A-8AC5EA3ADC9F}.Debug|x86.ActiveCfg = Debug|Any CPU
		{3C952566-D1CB-42A6-9A4A-8AC5EA3ADC9F}.Debug|x86.Build.0 = Debug|Any CPU
		{3C952566-D1CB-42A6-9A4A-8AC5EA3ADC9F}.Release|Any CPU.ActiveCfg = Release|Any CPU
		{3C952566-D1CB-42A6-9A4A-8AC5EA3ADC9F}.Release|Any CPU.Build.0 = Release|Any CPU
		{3C952566-D1CB-42A6-9A4A-8AC5EA3ADC9F}.Release|x64.ActiveCfg = Release|Any CPU
		{3C952566-D1CB-42A6-9A4A-8AC5EA3ADC9F}.Release|x64.Build.0 = Release|Any CPU
		{3C952566-D1CB-42A6-9A4A-8AC5EA3ADC9F}.Release|x86.ActiveCfg = Release|Any CPU
		{3C952566-D1CB-42A6-9A4A-8AC5EA3ADC9F}.Release|x86.Build.0 = Release|Any CPU
		{3370D1D6-430B-4E4A-8509-961F1F944FE2}.Debug|Any CPU.ActiveCfg = Debug|Any CPU
		{3370D1D6-430B-4E4A-8509-961F1F944FE2}.Debug|Any CPU.Build.0 = Debug|Any CPU
		{3370D1D6-430B-4E4A-8509-961F1F944FE2}.Debug|x64.ActiveCfg = Debug|Any CPU
		{3370D1D6-430B-4E4A-8509-961F1F944FE2}.Debug|x64.Build.0 = Debug|Any CPU
		{3370D1D6-430B-4E4A-8509-961F1F944FE2}.Debug|x86.ActiveCfg = Debug|Any CPU
		{3370D1D6-430B-4E4A-8509-961F1F944FE2}.Debug|x86.Build.0 = Debug|Any CPU
		{3370D1D6-430B-4E4A-8509-961F1F944FE2}.Release|Any CPU.ActiveCfg = Release|Any CPU
		{3370D1D6-430B-4E4A-8509-961F1F944FE2}.Release|Any CPU.Build.0 = Release|Any CPU
		{3370D1D6-430B-4E4A-8509-961F1F944FE2}.Release|x64.ActiveCfg = Release|Any CPU
		{3370D1D6-430B-4E4A-8509-961F1F944FE2}.Release|x64.Build.0 = Release|Any CPU
		{3370D1D6-430B-4E4A-8509-961F1F944FE2}.Release|x86.ActiveCfg = Release|Any CPU
		{3370D1D6-430B-4E4A-8509-961F1F944FE2}.Release|x86.Build.0 = Release|Any CPU
		{D7453A48-29AC-402A-956E-F526FE97E3DB}.Debug|Any CPU.ActiveCfg = Debug|Any CPU
		{D7453A48-29AC-402A-956E-F526FE97E3DB}.Debug|Any CPU.Build.0 = Debug|Any CPU
		{D7453A48-29AC-402A-956E-F526FE97E3DB}.Debug|x64.ActiveCfg = Debug|Any CPU
		{D7453A48-29AC-402A-956E-F526FE97E3DB}.Debug|x64.Build.0 = Debug|Any CPU
		{D7453A48-29AC-402A-956E-F526FE97E3DB}.Debug|x86.ActiveCfg = Debug|Any CPU
		{D7453A48-29AC-402A-956E-F526FE97E3DB}.Debug|x86.Build.0 = Debug|Any CPU
		{D7453A48-29AC-402A-956E-F526FE97E3DB}.Release|Any CPU.ActiveCfg = Release|Any CPU
		{D7453A48-29AC-402A-956E-F526FE97E3DB}.Release|Any CPU.Build.0 = Release|Any CPU
		{D7453A48-29AC-402A-956E-F526FE97E3DB}.Release|x64.ActiveCfg = Release|Any CPU
		{D7453A48-29AC-402A-956E-F526FE97E3DB}.Release|x64.Build.0 = Release|Any CPU
		{D7453A48-29AC-402A-956E-F526FE97E3DB}.Release|x86.ActiveCfg = Release|Any CPU
		{D7453A48-29AC-402A-956E-F526FE97E3DB}.Release|x86.Build.0 = Release|Any CPU
		{D67B18C9-B7E9-447F-BD3A-EE696A275F86}.Debug|Any CPU.ActiveCfg = Debug|Any CPU
		{D67B18C9-B7E9-447F-BD3A-EE696A275F86}.Debug|Any CPU.Build.0 = Debug|Any CPU
		{D67B18C9-B7E9-447F-BD3A-EE696A275F86}.Debug|x64.ActiveCfg = Debug|Any CPU
		{D67B18C9-B7E9-447F-BD3A-EE696A275F86}.Debug|x64.Build.0 = Debug|Any CPU
		{D67B18C9-B7E9-447F-BD3A-EE696A275F86}.Debug|x86.ActiveCfg = Debug|Any CPU
		{D67B18C9-B7E9-447F-BD3A-EE696A275F86}.Debug|x86.Build.0 = Debug|Any CPU
		{D67B18C9-B7E9-447F-BD3A-EE696A275F86}.Release|Any CPU.ActiveCfg = Release|Any CPU
		{D67B18C9-B7E9-447F-BD3A-EE696A275F86}.Release|Any CPU.Build.0 = Release|Any CPU
		{D67B18C9-B7E9-447F-BD3A-EE696A275F86}.Release|x64.ActiveCfg = Release|Any CPU
		{D67B18C9-B7E9-447F-BD3A-EE696A275F86}.Release|x64.Build.0 = Release|Any CPU
		{D67B18C9-B7E9-447F-BD3A-EE696A275F86}.Release|x86.ActiveCfg = Release|Any CPU
		{D67B18C9-B7E9-447F-BD3A-EE696A275F86}.Release|x86.Build.0 = Release|Any CPU
		{2566E9DD-64BF-442F-A563-041AE1FF1E4E}.Debug|Any CPU.ActiveCfg = Debug|Any CPU
		{2566E9DD-64BF-442F-A563-041AE1FF1E4E}.Debug|Any CPU.Build.0 = Debug|Any CPU
		{2566E9DD-64BF-442F-A563-041AE1FF1E4E}.Debug|x64.ActiveCfg = Debug|Any CPU
		{2566E9DD-64BF-442F-A563-041AE1FF1E4E}.Debug|x64.Build.0 = Debug|Any CPU
		{2566E9DD-64BF-442F-A563-041AE1FF1E4E}.Debug|x86.ActiveCfg = Debug|Any CPU
		{2566E9DD-64BF-442F-A563-041AE1FF1E4E}.Debug|x86.Build.0 = Debug|Any CPU
		{2566E9DD-64BF-442F-A563-041AE1FF1E4E}.Release|Any CPU.ActiveCfg = Release|Any CPU
		{2566E9DD-64BF-442F-A563-041AE1FF1E4E}.Release|Any CPU.Build.0 = Release|Any CPU
		{2566E9DD-64BF-442F-A563-041AE1FF1E4E}.Release|x64.ActiveCfg = Release|Any CPU
		{2566E9DD-64BF-442F-A563-041AE1FF1E4E}.Release|x64.Build.0 = Release|Any CPU
		{2566E9DD-64BF-442F-A563-041AE1FF1E4E}.Release|x86.ActiveCfg = Release|Any CPU
		{2566E9DD-64BF-442F-A563-041AE1FF1E4E}.Release|x86.Build.0 = Release|Any CPU
	EndGlobalSection
	GlobalSection(SolutionProperties) = preSolution
		HideSolutionNode = FALSE
	EndGlobalSection
	GlobalSection(NestedProjects) = preSolution
		{CBA92981-0FF1-49B7-8632-136FC2FA8419} = {995FCFF9-E5F6-4BDD-8E5B-FBDEA21145F9}
		{ADFAD247-96AC-493A-8E45-3C4356A948D1} = {995FCFF9-E5F6-4BDD-8E5B-FBDEA21145F9}
		{7C3BA60E-87F2-4C10-9DAB-0CFD1E6AFFE8} = {995FCFF9-E5F6-4BDD-8E5B-FBDEA21145F9}
		{D7A46B09-B1F2-4131-9B5C-2FC5A2FA18E6} = {995FCFF9-E5F6-4BDD-8E5B-FBDEA21145F9}
		{3ED3A04B-14F1-489E-ACD4-ED164CED7C18} = {995FCFF9-E5F6-4BDD-8E5B-FBDEA21145F9}
		{1394178E-4ABA-47C9-935B-EF5E84B56694} = {995FCFF9-E5F6-4BDD-8E5B-FBDEA21145F9}
		{66E8C05F-CA23-4EB4-8D23-F6E94FBD714E} = {995FCFF9-E5F6-4BDD-8E5B-FBDEA21145F9}
		{BE9D7C89-3E10-4BFB-B9A0-5FCC92FC47E5} = {995FCFF9-E5F6-4BDD-8E5B-FBDEA21145F9}
		{FB125FDC-551F-4548-B4CA-3A2B5E7198D9} = {07A30A34-2DDA-45EE-B767-28021086B235}
		{8FF6CBDB-2629-4A35-BC1B-794CE1A43451} = {07A30A34-2DDA-45EE-B767-28021086B235}
		{BB0422DA-E7C5-47FB-8EF5-E34F57B51E44} = {995FCFF9-E5F6-4BDD-8E5B-FBDEA21145F9}
		{2C9E2686-6C86-4D32-B57E-EDC8047EB8B8} = {995FCFF9-E5F6-4BDD-8E5B-FBDEA21145F9}
		{7BAB625A-3338-4BF1-BD0C-D5ECCAC254B5} = {995FCFF9-E5F6-4BDD-8E5B-FBDEA21145F9}
		{C45AB9D7-5346-4610-8D44-C6F6B31BEC2D} = {995FCFF9-E5F6-4BDD-8E5B-FBDEA21145F9}
		{A2B9140B-46E5-451D-9246-ECA019487F5C} = {995FCFF9-E5F6-4BDD-8E5B-FBDEA21145F9}
		{D02CC5A5-A6EA-42CF-9EA5-E3D1CE0FFBFE} = {995FCFF9-E5F6-4BDD-8E5B-FBDEA21145F9}
		{D8DD4222-6929-46F3-A3F2-F38394AA1C72} = {995FCFF9-E5F6-4BDD-8E5B-FBDEA21145F9}
		{113245BE-5DAD-4AF2-B0A1-53FC261BB63D} = {0AB3BF05-4346-4AA6-1389-037BE0695223}
		{58563A98-912D-492D-BCB8-31A7E8F7D418} = {0AB3BF05-4346-4AA6-1389-037BE0695223}
		{E1902224-E815-452B-9C81-DC00323378D7} = {0AB3BF05-4346-4AA6-1389-037BE0695223}
		{11CDAC61-70BF-426C-A563-B60CA4502706} = {0AB3BF05-4346-4AA6-1389-037BE0695223}
		{3BEFFF5D-8B71-4DB7-8374-05DA220C18C8} = {0AB3BF05-4346-4AA6-1389-037BE0695223}
		{736A7453-4020-4A4F-A374-488E4F16F820} = {0AB3BF05-4346-4AA6-1389-037BE0695223}
		{BC77FD4E-E754-43AC-AC34-2A04459C2C3F} = {0AB3BF05-4346-4AA6-1389-037BE0695223}
		{2D5EBF11-56D0-4615-B13B-0341EA8F1682} = {0AB3BF05-4346-4AA6-1389-037BE0695223}
		{9B1A7B7F-6A3D-4DA6-9420-B4140B45D0F4} = {0AB3BF05-4346-4AA6-1389-037BE0695223}
		{1CC1A184-76B2-457C-AC83-DE921E982956} = {0AB3BF05-4346-4AA6-1389-037BE0695223}
		{3C952566-D1CB-42A6-9A4A-8AC5EA3ADC9F} = {0AB3BF05-4346-4AA6-1389-037BE0695223}
		{3370D1D6-430B-4E4A-8509-961F1F944FE2} = {0AB3BF05-4346-4AA6-1389-037BE0695223}
		{D7453A48-29AC-402A-956E-F526FE97E3DB} = {0AB3BF05-4346-4AA6-1389-037BE0695223}
		{D67B18C9-B7E9-447F-BD3A-EE696A275F86} = {0AB3BF05-4346-4AA6-1389-037BE0695223}
		{2566E9DD-64BF-442F-A563-041AE1FF1E4E} = {0AB3BF05-4346-4AA6-1389-037BE0695223}
	EndGlobalSection
	GlobalSection(ExtensibilityGlobals) = postSolution
		SolutionGuid = {C48AD7EE-82B1-4307-A869-3FC14AC9B21F}
	EndGlobalSection
EndGlobal
