
Microsoft Visual Studio Solution File, Format Version 12.00
# Visual Studio Version 16
VisualStudioVersion = 16.0.29009.5
MinimumVisualStudioVersion = 10.0.40219.1
Project("{2150E333-8FDC-42A3-9474-1A3956D46DE8}") = "src", "src", "{995FCFF9-E5F6-4BDD-8E5B-FBDEA21145F9}"
EndProject
Project("{2150E333-8FDC-42A3-9474-1A3956D46DE8}") = "Solution Items", "Solution Items", "{BAF239DE-04E9-428E-A6D6-98D4C6CFB9E3}"
	ProjectSection(SolutionItems) = preProject
		NuGet.Config = NuGet.Config
		README.md = README.md
	EndProjectSection
EndProject
Project("{2150E333-8FDC-42A3-9474-1A3956D46DE8}") = "build", "build", "{E07EF419-FB9D-4A20-AD4B-C02C13636BA8}"
	ProjectSection(SolutionItems) = preProject
		build\dependencies.props = build\dependencies.props
		Directory.Build.props = Directory.Build.props
		Directory.Build.targets = Directory.Build.targets
	EndProjectSection
EndProject
Project("{9A19103F-16F7-4668-BE54-9A1E7A4F7556}") = "Microsoft.Crank.Agent", "src\Microsoft.Crank.Agent\Microsoft.Crank.Agent.csproj", "{CBA92981-0FF1-49B7-8632-136FC2FA8419}"
EndProject
Project("{9A19103F-16F7-4668-BE54-9A1E7A4F7556}") = "Microsoft.Crank.Controller", "src\Microsoft.Crank.Controller\Microsoft.Crank.Controller.csproj", "{ADFAD247-96AC-493A-8E45-3C4356A948D1}"
EndProject
Project("{9A19103F-16F7-4668-BE54-9A1E7A4F7556}") = "Microsoft.Crank.JobConsumer", "src\Microsoft.Crank.JobConsumer\Microsoft.Crank.JobConsumer.csproj", "{1BD732C3-9CE3-4678-BC40-7CD1750DBA07}"
EndProject
Project("{9A19103F-16F7-4668-BE54-9A1E7A4F7556}") = "Microsoft.Crank.JobProducer", "src\Microsoft.Crank.JobProducer\Microsoft.Crank.JobProducer.csproj", "{0DA30FA0-2E37-46C7-9FCA-7C874FF85665}"
EndProject
Project("{9A19103F-16F7-4668-BE54-9A1E7A4F7556}") = "Microsoft.Crank.Jobs.Bombardier", "src\Microsoft.Crank.Jobs.Bombardier\Microsoft.Crank.Jobs.Bombardier.csproj", "{7C3BA60E-87F2-4C10-9DAB-0CFD1E6AFFE8}"
EndProject
Project("{9A19103F-16F7-4668-BE54-9A1E7A4F7556}") = "Microsoft.Crank.Jobs.PipeliningClient", "src\Microsoft.Crank.Jobs.PipeliningClient\Microsoft.Crank.Jobs.PipeliningClient.csproj", "{D7A46B09-B1F2-4131-9B5C-2FC5A2FA18E6}"
EndProject
Project("{9A19103F-16F7-4668-BE54-9A1E7A4F7556}") = "Microsoft.Crank.Jobs.Wrk", "src\Microsoft.Crank.Jobs.Wrk\Microsoft.Crank.Jobs.Wrk.csproj", "{3ED3A04B-14F1-489E-ACD4-ED164CED7C18}"
EndProject
Project("{9A19103F-16F7-4668-BE54-9A1E7A4F7556}") = "Microsoft.Crank.Jobs.Wrk2", "src\Microsoft.Crank.Jobs.Wrk2\Microsoft.Crank.Jobs.Wrk2.csproj", "{1394178E-4ABA-47C9-935B-EF5E84B56694}"
EndProject
Project("{9A19103F-16F7-4668-BE54-9A1E7A4F7556}") = "Microsoft.Crank.Models", "src\Microsoft.Crank.Models\Microsoft.Crank.Models.csproj", "{66E8C05F-CA23-4EB4-8D23-F6E94FBD714E}"
EndProject
Project("{FAE04EC0-301F-11D3-BF4B-00C04F79EFBC}") = "RegressionBot", "src\Microsoft.Crank.RegressionBot\RegressionBot.csproj", "{BE9D7C89-3E10-4BFB-B9A0-5FCC92FC47E5}"
EndProject
Project("{2150E333-8FDC-42A3-9474-1A3956D46DE8}") = "test", "test", "{07A30A34-2DDA-45EE-B767-28021086B235}"
EndProject
Project("{FAE04EC0-301F-11D3-BF4B-00C04F79EFBC}") = "RegressionBotTests", "test\RegressionBotTests\RegressionBotTests.csproj", "{FB125FDC-551F-4548-B4CA-3A2B5E7198D9}"
EndProject
Project("{FAE04EC0-301F-11D3-BF4B-00C04F79EFBC}") = "AzureDevOpsWorker", "src\Microsoft.Crank.AzureDevOpsWorker\AzureDevOpsWorker.csproj", "{BB0422DA-E7C5-47FB-8EF5-E34F57B51E44}"
EndProject
Global
	GlobalSection(SolutionConfigurationPlatforms) = preSolution
		Debug|Any CPU = Debug|Any CPU
		Release|Any CPU = Release|Any CPU
	EndGlobalSection
	GlobalSection(ProjectConfigurationPlatforms) = postSolution
		{CBA92981-0FF1-49B7-8632-136FC2FA8419}.Debug|Any CPU.ActiveCfg = Debug|Any CPU
		{CBA92981-0FF1-49B7-8632-136FC2FA8419}.Debug|Any CPU.Build.0 = Debug|Any CPU
		{CBA92981-0FF1-49B7-8632-136FC2FA8419}.Release|Any CPU.ActiveCfg = Release|Any CPU
		{CBA92981-0FF1-49B7-8632-136FC2FA8419}.Release|Any CPU.Build.0 = Release|Any CPU
		{ADFAD247-96AC-493A-8E45-3C4356A948D1}.Debug|Any CPU.ActiveCfg = Debug|Any CPU
		{ADFAD247-96AC-493A-8E45-3C4356A948D1}.Debug|Any CPU.Build.0 = Debug|Any CPU
		{ADFAD247-96AC-493A-8E45-3C4356A948D1}.Release|Any CPU.ActiveCfg = Release|Any CPU
		{ADFAD247-96AC-493A-8E45-3C4356A948D1}.Release|Any CPU.Build.0 = Release|Any CPU
		{1BD732C3-9CE3-4678-BC40-7CD1750DBA07}.Debug|Any CPU.ActiveCfg = Debug|Any CPU
		{1BD732C3-9CE3-4678-BC40-7CD1750DBA07}.Debug|Any CPU.Build.0 = Debug|Any CPU
		{1BD732C3-9CE3-4678-BC40-7CD1750DBA07}.Release|Any CPU.ActiveCfg = Release|Any CPU
		{1BD732C3-9CE3-4678-BC40-7CD1750DBA07}.Release|Any CPU.Build.0 = Release|Any CPU
		{0DA30FA0-2E37-46C7-9FCA-7C874FF85665}.Debug|Any CPU.ActiveCfg = Debug|Any CPU
		{0DA30FA0-2E37-46C7-9FCA-7C874FF85665}.Debug|Any CPU.Build.0 = Debug|Any CPU
		{0DA30FA0-2E37-46C7-9FCA-7C874FF85665}.Release|Any CPU.ActiveCfg = Release|Any CPU
		{0DA30FA0-2E37-46C7-9FCA-7C874FF85665}.Release|Any CPU.Build.0 = Release|Any CPU
		{7C3BA60E-87F2-4C10-9DAB-0CFD1E6AFFE8}.Debug|Any CPU.ActiveCfg = Debug|Any CPU
		{7C3BA60E-87F2-4C10-9DAB-0CFD1E6AFFE8}.Debug|Any CPU.Build.0 = Debug|Any CPU
		{7C3BA60E-87F2-4C10-9DAB-0CFD1E6AFFE8}.Release|Any CPU.ActiveCfg = Release|Any CPU
		{7C3BA60E-87F2-4C10-9DAB-0CFD1E6AFFE8}.Release|Any CPU.Build.0 = Release|Any CPU
		{D7A46B09-B1F2-4131-9B5C-2FC5A2FA18E6}.Debug|Any CPU.ActiveCfg = Debug|Any CPU
		{D7A46B09-B1F2-4131-9B5C-2FC5A2FA18E6}.Debug|Any CPU.Build.0 = Debug|Any CPU
		{D7A46B09-B1F2-4131-9B5C-2FC5A2FA18E6}.Release|Any CPU.ActiveCfg = Release|Any CPU
		{D7A46B09-B1F2-4131-9B5C-2FC5A2FA18E6}.Release|Any CPU.Build.0 = Release|Any CPU
		{3ED3A04B-14F1-489E-ACD4-ED164CED7C18}.Debug|Any CPU.ActiveCfg = Debug|Any CPU
		{3ED3A04B-14F1-489E-ACD4-ED164CED7C18}.Debug|Any CPU.Build.0 = Debug|Any CPU
		{3ED3A04B-14F1-489E-ACD4-ED164CED7C18}.Release|Any CPU.ActiveCfg = Release|Any CPU
		{3ED3A04B-14F1-489E-ACD4-ED164CED7C18}.Release|Any CPU.Build.0 = Release|Any CPU
		{1394178E-4ABA-47C9-935B-EF5E84B56694}.Debug|Any CPU.ActiveCfg = Debug|Any CPU
		{1394178E-4ABA-47C9-935B-EF5E84B56694}.Debug|Any CPU.Build.0 = Debug|Any CPU
		{1394178E-4ABA-47C9-935B-EF5E84B56694}.Release|Any CPU.ActiveCfg = Release|Any CPU
		{1394178E-4ABA-47C9-935B-EF5E84B56694}.Release|Any CPU.Build.0 = Release|Any CPU
		{66E8C05F-CA23-4EB4-8D23-F6E94FBD714E}.Debug|Any CPU.ActiveCfg = Debug|Any CPU
		{66E8C05F-CA23-4EB4-8D23-F6E94FBD714E}.Debug|Any CPU.Build.0 = Debug|Any CPU
		{66E8C05F-CA23-4EB4-8D23-F6E94FBD714E}.Release|Any CPU.ActiveCfg = Release|Any CPU
		{66E8C05F-CA23-4EB4-8D23-F6E94FBD714E}.Release|Any CPU.Build.0 = Release|Any CPU
		{BE9D7C89-3E10-4BFB-B9A0-5FCC92FC47E5}.Debug|Any CPU.ActiveCfg = Debug|Any CPU
		{BE9D7C89-3E10-4BFB-B9A0-5FCC92FC47E5}.Debug|Any CPU.Build.0 = Debug|Any CPU
		{BE9D7C89-3E10-4BFB-B9A0-5FCC92FC47E5}.Release|Any CPU.ActiveCfg = Release|Any CPU
		{BE9D7C89-3E10-4BFB-B9A0-5FCC92FC47E5}.Release|Any CPU.Build.0 = Release|Any CPU
		{FB125FDC-551F-4548-B4CA-3A2B5E7198D9}.Debug|Any CPU.ActiveCfg = Debug|Any CPU
		{FB125FDC-551F-4548-B4CA-3A2B5E7198D9}.Debug|Any CPU.Build.0 = Debug|Any CPU
		{FB125FDC-551F-4548-B4CA-3A2B5E7198D9}.Release|Any CPU.ActiveCfg = Release|Any CPU
		{FB125FDC-551F-4548-B4CA-3A2B5E7198D9}.Release|Any CPU.Build.0 = Release|Any CPU
		{BB0422DA-E7C5-47FB-8EF5-E34F57B51E44}.Debug|Any CPU.ActiveCfg = Debug|Any CPU
		{BB0422DA-E7C5-47FB-8EF5-E34F57B51E44}.Debug|Any CPU.Build.0 = Debug|Any CPU
		{BB0422DA-E7C5-47FB-8EF5-E34F57B51E44}.Release|Any CPU.ActiveCfg = Release|Any CPU
		{BB0422DA-E7C5-47FB-8EF5-E34F57B51E44}.Release|Any CPU.Build.0 = Release|Any CPU
	EndGlobalSection
	GlobalSection(SolutionProperties) = preSolution
		HideSolutionNode = FALSE
	EndGlobalSection
	GlobalSection(NestedProjects) = preSolution
		{CBA92981-0FF1-49B7-8632-136FC2FA8419} = {995FCFF9-E5F6-4BDD-8E5B-FBDEA21145F9}
		{ADFAD247-96AC-493A-8E45-3C4356A948D1} = {995FCFF9-E5F6-4BDD-8E5B-FBDEA21145F9}
		{1BD732C3-9CE3-4678-BC40-7CD1750DBA07} = {995FCFF9-E5F6-4BDD-8E5B-FBDEA21145F9}
		{0DA30FA0-2E37-46C7-9FCA-7C874FF85665} = {995FCFF9-E5F6-4BDD-8E5B-FBDEA21145F9}
		{7C3BA60E-87F2-4C10-9DAB-0CFD1E6AFFE8} = {995FCFF9-E5F6-4BDD-8E5B-FBDEA21145F9}
		{D7A46B09-B1F2-4131-9B5C-2FC5A2FA18E6} = {995FCFF9-E5F6-4BDD-8E5B-FBDEA21145F9}
		{3ED3A04B-14F1-489E-ACD4-ED164CED7C18} = {995FCFF9-E5F6-4BDD-8E5B-FBDEA21145F9}
		{1394178E-4ABA-47C9-935B-EF5E84B56694} = {995FCFF9-E5F6-4BDD-8E5B-FBDEA21145F9}
		{66E8C05F-CA23-4EB4-8D23-F6E94FBD714E} = {995FCFF9-E5F6-4BDD-8E5B-FBDEA21145F9}
		{BE9D7C89-3E10-4BFB-B9A0-5FCC92FC47E5} = {995FCFF9-E5F6-4BDD-8E5B-FBDEA21145F9}
		{FB125FDC-551F-4548-B4CA-3A2B5E7198D9} = {07A30A34-2DDA-45EE-B767-28021086B235}
		{BB0422DA-E7C5-47FB-8EF5-E34F57B51E44} = {995FCFF9-E5F6-4BDD-8E5B-FBDEA21145F9}
	EndGlobalSection
	GlobalSection(ExtensibilityGlobals) = postSolution
		SolutionGuid = {C48AD7EE-82B1-4307-A869-3FC14AC9B21F}
	EndGlobalSection
EndGlobal
